// !$*UTF8*$!
{
	archiveVersion = 1;
	classes = {
	};
	objectVersion = 46;
	objects = {

/* Begin PBXBuildFile section */
		00E356F31AD99517003FC87E /* rn_starter_kitTests.m in Sources */ = {isa = PBXBuildFile; fileRef = 00E356F21AD99517003FC87E /* rn_starter_kitTests.m */; };
		13B07FBC1A68108700A75B9A /* AppDelegate.m in Sources */ = {isa = PBXBuildFile; fileRef = 13B07FB01A68108700A75B9A /* AppDelegate.m */; };
		13B07FBD1A68108700A75B9A /* LaunchScreen.xib in Resources */ = {isa = PBXBuildFile; fileRef = 13B07FB11A68108700A75B9A /* LaunchScreen.xib */; };
		13B07FBF1A68108700A75B9A /* Images.xcassets in Resources */ = {isa = PBXBuildFile; fileRef = 13B07FB51A68108700A75B9A /* Images.xcassets */; };
		13B07FC11A68108700A75B9A /* main.m in Sources */ = {isa = PBXBuildFile; fileRef = 13B07FB71A68108700A75B9A /* main.m */; };
		170EF9E626038E1C00D5F244 /* GoogleService-Info.plist in Resources */ = {isa = PBXBuildFile; fileRef = 170EF9E526038E1C00D5F244 /* GoogleService-Info.plist */; };
		170EF9E726038E1C00D5F244 /* GoogleService-Info.plist in Resources */ = {isa = PBXBuildFile; fileRef = 170EF9E526038E1C00D5F244 /* GoogleService-Info.plist */; };
		1DDD8478553F71443E290F87 /* libPods-rn_starter_kit-rn_starter_kitTests.a in Frameworks */ = {isa = PBXBuildFile; fileRef = 1F2CBDEDECC74B184C4156C4 /* libPods-rn_starter_kit-rn_starter_kitTests.a */; };
		2D02E4BC1E0B4A80006451C7 /* AppDelegate.m in Sources */ = {isa = PBXBuildFile; fileRef = 13B07FB01A68108700A75B9A /* AppDelegate.m */; };
		2D02E4BD1E0B4A84006451C7 /* Images.xcassets in Resources */ = {isa = PBXBuildFile; fileRef = 13B07FB51A68108700A75B9A /* Images.xcassets */; };
		2D02E4BF1E0B4AB3006451C7 /* main.m in Sources */ = {isa = PBXBuildFile; fileRef = 13B07FB71A68108700A75B9A /* main.m */; };
		2DCD954D1E0B4F2C00145EB5 /* rn_starter_kitTests.m in Sources */ = {isa = PBXBuildFile; fileRef = 00E356F21AD99517003FC87E /* rn_starter_kitTests.m */; };
		B0CDFDF5EADEDBE3515EA52E /* libPods-rn_starter_kit-tvOS.a in Frameworks */ = {isa = PBXBuildFile; fileRef = EB61CDD4227A7AF4D097BC32 /* libPods-rn_starter_kit-tvOS.a */; };
		CA046896E60D98A334D4018A /* libPods-rn_starter_kit.a in Frameworks */ = {isa = PBXBuildFile; fileRef = EF14DBECD77EDC78D8CC9EDE /* libPods-rn_starter_kit.a */; };
		D0294A9E94B55C58B7308329 /* libPods-rn_starter_kit-tvOSTests.a in Frameworks */ = {isa = PBXBuildFile; fileRef = B76635116BBEDE058FB66583 /* libPods-rn_starter_kit-tvOSTests.a */; };
		029F9497F4F14B8B91F1A33C /* categories@1x.png in Resources */ = {isa = PBXBuildFile; fileRef = 61DAEDCCFD244A19A9064738 /* categories@1x.png */; };
		26A7C126176141F18E2B1221 /* categories@2x.png in Resources */ = {isa = PBXBuildFile; fileRef = A280F58E2C6142198FBF20B4 /* categories@2x.png */; };
		C325D740D77D4DC2A0315BD8 /* categories@3x.png in Resources */ = {isa = PBXBuildFile; fileRef = 0CD78DB4EF804E309AC3C8DB /* categories@3x.png */; };
		1E6FD96C65B74914BFAF7858 /* collections@1x.png in Resources */ = {isa = PBXBuildFile; fileRef = E85CD72ADF794736B47E719A /* collections@1x.png */; };
		1FDCE84472E14C20BBDBE8CA /* collections@2x.png in Resources */ = {isa = PBXBuildFile; fileRef = B1368FDA9388439B8FDBFB82 /* collections@2x.png */; };
		55FFD38C3FC3455AAD40ECF2 /* collections@3x.png in Resources */ = {isa = PBXBuildFile; fileRef = 395A13BDDF6D4261B35F899D /* collections@3x.png */; };
		F1335CC7984044C995FDB421 /* compose@1x.png in Resources */ = {isa = PBXBuildFile; fileRef = B0B87EB7479045A89975083A /* compose@1x.png */; };
		26EB9CB30A1F43C2AE1DFE0D /* compose@2x.png in Resources */ = {isa = PBXBuildFile; fileRef = FB038B0EE210418B8EF50B58 /* compose@2x.png */; };
		F49C986F375C462FA80B5EA9 /* compose@3x.png in Resources */ = {isa = PBXBuildFile; fileRef = 8356FF322C1E474F91227854 /* compose@3x.png */; };
		CC1FCEC75A644BC5A78C272D /* default_user@1x.jpg in Resources */ = {isa = PBXBuildFile; fileRef = 3C9E74260F6A4C38A45CFF44 /* default_user@1x.jpg */; };
		84783614180341C09F80EAED /* filter@1x.png in Resources */ = {isa = PBXBuildFile; fileRef = 73E21017781A4256B361C02F /* filter@1x.png */; };
		B97DD63633574C029D76D6A0 /* filter@2x.png in Resources */ = {isa = PBXBuildFile; fileRef = 3DF263D235804A5A949D3CF2 /* filter@2x.png */; };
		580078D7924F4712886E76AB /* filter@3x.png in Resources */ = {isa = PBXBuildFile; fileRef = 6227068767084CBF8A7CEF36 /* filter@3x.png */; };
		B8B042DA6BE34F769ADFC34F /* filters@1x.png in Resources */ = {isa = PBXBuildFile; fileRef = 9E4A0FC402954AB6A5FE9583 /* filters@1x.png */; };
		058CC25FB89A49B6907A318C /* filters@2x.png in Resources */ = {isa = PBXBuildFile; fileRef = 49C9E7C1B3BB49EB98AB4CE1 /* filters@2x.png */; };
		DE26F8229B7A4471A0486C99 /* filters@3x.png in Resources */ = {isa = PBXBuildFile; fileRef = 323957ECB4BD4C05AA1C4A8F /* filters@3x.png */; };
		EAFEF2E124E245A791625A22 /* heart-filled@1x.png in Resources */ = {isa = PBXBuildFile; fileRef = B21C04D185D743DFA822C464 /* heart-filled@1x.png */; };
		73FB9A6393B94CB4BC1BEAAA /* heart-filled@2x.png in Resources */ = {isa = PBXBuildFile; fileRef = 6CE7490E168C47CD912D6B7C /* heart-filled@2x.png */; };
		E62F09C3AFFC4CDB9C7F7C7C /* heart-filled@3x.png in Resources */ = {isa = PBXBuildFile; fileRef = A48728C2454B40EDB5EA1455 /* heart-filled@3x.png */; };
		DCA2D9C40A8A4903B678ABA6 /* heart@1x.png in Resources */ = {isa = PBXBuildFile; fileRef = A579AC791C91454CB2A6DEE4 /* heart@1x.png */; };
		C0CABC3C460B47638FC1DFD8 /* heart@2x.png in Resources */ = {isa = PBXBuildFile; fileRef = CDC26F91FDDC4814970374E2 /* heart@2x.png */; };
		1B3FD6749EF0463AA455720C /* heart@3x.png in Resources */ = {isa = PBXBuildFile; fileRef = 449EA8587BB34E32A41A1E28 /* heart@3x.png */; };
		77C15DBEDF6D440BAD5B6879 /* home@1x.png in Resources */ = {isa = PBXBuildFile; fileRef = C183CC23100B4569AFF38A79 /* home@1x.png */; };
		32807897882248009E519015 /* home@2x.png in Resources */ = {isa = PBXBuildFile; fileRef = 9C522CA81FBA4373AFB7BB21 /* home@2x.png */; };
		51421EA5095646EA9F382AEA /* home@3x.png in Resources */ = {isa = PBXBuildFile; fileRef = 34530C60BDF1444990B8B295 /* home@3x.png */; };
		136B173D09014922A501D551 /* list@1x.png in Resources */ = {isa = PBXBuildFile; fileRef = 56309669E67742D498D9BDB8 /* list@1x.png */; };
		46B1480D40D2424A9AD5FABA /* list@2x.png in Resources */ = {isa = PBXBuildFile; fileRef = B3C84511104F4D78B80452E6 /* list@2x.png */; };
		FFFB74C881DD4A24919D1B97 /* list@3x.png in Resources */ = {isa = PBXBuildFile; fileRef = 61C5F3F1E37E4F8E80BA8741 /* list@3x.png */; };
		E447EB2670C947A0B06B2B17 /* map@1x.png in Resources */ = {isa = PBXBuildFile; fileRef = 4E25022D0467424BB6F50422 /* map@1x.png */; };
		54A7EA68522E414F84E59ADA /* map@2x.png in Resources */ = {isa = PBXBuildFile; fileRef = FC063E59A69C4B85A0D48001 /* map@2x.png */; };
		3109105641304F2298EC7C20 /* map@3x.png in Resources */ = {isa = PBXBuildFile; fileRef = 650031634A1046FE9FCDA038 /* map@3x.png */; };
		2FD6432DE9824A02A5A18EA9 /* review@1x.png in Resources */ = {isa = PBXBuildFile; fileRef = 75EC29ADD6644D4EA83378C4 /* review@1x.png */; };
		4DAEE3E2603D4FB3A5B9BD5A /* review@2x.png in Resources */ = {isa = PBXBuildFile; fileRef = 60A7A9F81AF54987B17D227F /* review@2x.png */; };
		7A06F2A29D724F4898F949DB /* review@3x.png in Resources */ = {isa = PBXBuildFile; fileRef = E8C39A53ED454578A32D4C9A /* review@3x.png */; };
		AFA76ECB4180454C871F6C19 /* search@1x.png in Resources */ = {isa = PBXBuildFile; fileRef = 14177D63DB714749B501F96B /* search@1x.png */; };
		FBC958F594A34CE5925ADD22 /* search@2x.png in Resources */ = {isa = PBXBuildFile; fileRef = FD68F84A286140FA9C77DA22 /* search@2x.png */; };
		83A82F3F71554AFBAC18E1B4 /* search@3x.png in Resources */ = {isa = PBXBuildFile; fileRef = AF40F107C0F545739DF299EE /* search@3x.png */; };
		232975B89046469287F97291 /* shutdown@1x.png in Resources */ = {isa = PBXBuildFile; fileRef = 1296C9F097264D7B8A3D2A93 /* shutdown@1x.png */; };
		89A4BB0F952D4814A04527DC /* star_filled@1x.png in Resources */ = {isa = PBXBuildFile; fileRef = 1BF75E068CF94C01BF3079EE /* star_filled@1x.png */; };
		9B712D3EBD99489FB584CD70 /* star_filled@2x.png in Resources */ = {isa = PBXBuildFile; fileRef = 24D493BAB2CC4BCD8F25B396 /* star_filled@2x.png */; };
		4D08C5E578714428914B6EDC /* star_filled@3x.png in Resources */ = {isa = PBXBuildFile; fileRef = 990B60732AFD443EA34D0587 /* star_filled@3x.png */; };
		D11AC925D46B4EEEAA32A450 /* star_nofilled@1x.png in Resources */ = {isa = PBXBuildFile; fileRef = 8B47796464204B32BD4A13F2 /* star_nofilled@1x.png */; };
		397310574B4F4010A2E6AEA5 /* star_nofilled@2x.png in Resources */ = {isa = PBXBuildFile; fileRef = 919716767B644E2DAA8DC261 /* star_nofilled@2x.png */; };
		7EFEA041E03D417083365353 /* star_nofilled@3x.png in Resources */ = {isa = PBXBuildFile; fileRef = 585B500B002D49D7BB8D5ECB /* star_nofilled@3x.png */; };
		FB8A5A46EDF2449289C296B8 /* Noto Sans Bold.ttf in Resources */ = {isa = PBXBuildFile; fileRef = 27B70BC7AF3E4C0FAFF48BDC /* Noto Sans Bold.ttf */; };
		CD59AACF83E94F1492163EEF /* Noto Sans.ttf in Resources */ = {isa = PBXBuildFile; fileRef = 8314F0B935044D3AB95242E3 /* Noto Sans.ttf */; };
		7292D56EF2844C0D84F38D29 /* PROMPT-BLACK.TTF in Resources */ = {isa = PBXBuildFile; fileRef = BDD51DC002694273BE115AC3 /* PROMPT-BLACK.TTF */; };
		55FCE299A16E48ECBCDD8A44 /* PROMPT-BLACKITALIC.TTF in Resources */ = {isa = PBXBuildFile; fileRef = 101AEC3C98C54D5BB1122E11 /* PROMPT-BLACKITALIC.TTF */; };
		4398A063FC224AF0A66B29BA /* PROMPT-BOLD.TTF in Resources */ = {isa = PBXBuildFile; fileRef = 08CDE55AB3774406A48ECA32 /* PROMPT-BOLD.TTF */; };
		E76BD18D848C4EF188E28684 /* PROMPT-EXTRABOLD.TTF in Resources */ = {isa = PBXBuildFile; fileRef = 5A53838D556E4704BE9BE905 /* PROMPT-EXTRABOLD.TTF */; };
		40C685D1C9264D4B8E658C66 /* PROMPT-EXTRALIGHT.TTF in Resources */ = {isa = PBXBuildFile; fileRef = C984BBA300AE4F3D9AD4D6CE /* PROMPT-EXTRALIGHT.TTF */; };
		35FA8F1F18284D0CA4556D10 /* PROMPT-ITALIC.TTF in Resources */ = {isa = PBXBuildFile; fileRef = F94C0F222DD64EDF919ED742 /* PROMPT-ITALIC.TTF */; };
		B2A6A0BF5DC344C3BB5D9756 /* PROMPT-LIGHTITALIC.TTF in Resources */ = {isa = PBXBuildFile; fileRef = D961D52DCBEC449E9BD57481 /* PROMPT-LIGHTITALIC.TTF */; };
		F4C261A61F3D4B958C9013F2 /* PROMPT-MEDIUM.TTF in Resources */ = {isa = PBXBuildFile; fileRef = 93BE789C1630446787E8BF4E /* PROMPT-MEDIUM.TTF */; };
		0E997594BAF240508B2DA89E /* PROMPT-REGULAR.TTF in Resources */ = {isa = PBXBuildFile; fileRef = E1661CD0C3C546F6ACAFE24E /* PROMPT-REGULAR.TTF */; };
		B01AE62CADE044118219182E /* PROMPT-SEMIBOLD.TTF in Resources */ = {isa = PBXBuildFile; fileRef = 7D393FA68EE04F06AE1CA1FC /* PROMPT-SEMIBOLD.TTF */; };
		5F693722E83B4887AF7BA47D /* PROMPT-THIN.TTF in Resources */ = {isa = PBXBuildFile; fileRef = 5F2D51D19C66437B9C520F6F /* PROMPT-THIN.TTF */; };
		806C046B848441848F4AE940 /* AntDesign.ttf in Resources */ = {isa = PBXBuildFile; fileRef = BD45771422A5401F913A9759 /* AntDesign.ttf */; };
		474394EF420A48AD9B978052 /* Entypo.ttf in Resources */ = {isa = PBXBuildFile; fileRef = AD8CA18E003B44FE9CD7B4C7 /* Entypo.ttf */; };
		E1CE7D1FAAA24BE387228723 /* EvilIcons.ttf in Resources */ = {isa = PBXBuildFile; fileRef = A3DF7C54F15D4A04861643DC /* EvilIcons.ttf */; };
		C2824A0B37F2424BA4C1F15B /* Feather.ttf in Resources */ = {isa = PBXBuildFile; fileRef = 14C4CA2F287140E69486BDCD /* Feather.ttf */; };
		E35841EDD8A9461C84D7DE64 /* FontAwesome.ttf in Resources */ = {isa = PBXBuildFile; fileRef = 6481B1FD7F024657AAA8853B /* FontAwesome.ttf */; };
		5C013501EF1646E48898EB96 /* FontAwesome5_Brands.ttf in Resources */ = {isa = PBXBuildFile; fileRef = 61493286EF294BA88DBFA2CE /* FontAwesome5_Brands.ttf */; };
		1EAF17DFA0B5452AB7E30BD8 /* FontAwesome5_Regular.ttf in Resources */ = {isa = PBXBuildFile; fileRef = 410AC14AF7314FB7A2E05F2D /* FontAwesome5_Regular.ttf */; };
		EDA62B2964844E8B90D3EE4D /* FontAwesome5_Solid.ttf in Resources */ = {isa = PBXBuildFile; fileRef = 49AFE3FA6BC64B3A9E9384B8 /* FontAwesome5_Solid.ttf */; };
		5E73DF42DCE04080965E543B /* Fontisto.ttf in Resources */ = {isa = PBXBuildFile; fileRef = 86F920C4B5524C1BA04D2F22 /* Fontisto.ttf */; };
		8E118F26F6024386ACFBC0C4 /* Foundation.ttf in Resources */ = {isa = PBXBuildFile; fileRef = 1DB49E12E80C4D6B99107D7A /* Foundation.ttf */; };
		6622733BF47044E6A496B545 /* Ionicons.ttf in Resources */ = {isa = PBXBuildFile; fileRef = FBE7988B9AD646699B97084E /* Ionicons.ttf */; };
		5FFCE44BDF1E41048CA70638 /* MaterialCommunityIcons.ttf in Resources */ = {isa = PBXBuildFile; fileRef = 5B1989B831AD45D696B42CF6 /* MaterialCommunityIcons.ttf */; };
		D049E09E57CD4ACF80D3923E /* MaterialIcons.ttf in Resources */ = {isa = PBXBuildFile; fileRef = D1FEF21B97F245B9A7EB3C3E /* MaterialIcons.ttf */; };
		68D4E4BE37DB4D8294FA37B9 /* Octicons.ttf in Resources */ = {isa = PBXBuildFile; fileRef = 0FF0C2310946418784B93059 /* Octicons.ttf */; };
		22C3EEDDC1374BE09264B81E /* SimpleLineIcons.ttf in Resources */ = {isa = PBXBuildFile; fileRef = FED684108F2C487DA4CAE6E0 /* SimpleLineIcons.ttf */; };
		8C8E985D7F0F49178CA1ABCE /* Zocial.ttf in Resources */ = {isa = PBXBuildFile; fileRef = 4A6BBC3293B8449BBD318C2F /* Zocial.ttf */; };
/* End PBXBuildFile section */

/* Begin PBXContainerItemProxy section */
		00E356F41AD99517003FC87E /* PBXContainerItemProxy */ = {
			isa = PBXContainerItemProxy;
			containerPortal = 83CBB9F71A601CBA00E9B192 /* Project object */;
			proxyType = 1;
			remoteGlobalIDString = 13B07F861A680F5B00A75B9A;
			remoteInfo = rn_starter_kit;
		};
		2D02E4911E0B4A5D006451C7 /* PBXContainerItemProxy */ = {
			isa = PBXContainerItemProxy;
			containerPortal = 83CBB9F71A601CBA00E9B192 /* Project object */;
			proxyType = 1;
			remoteGlobalIDString = 2D02E47A1E0B4A5D006451C7;
			remoteInfo = "rn_starter_kit-tvOS";
		};
/* End PBXContainerItemProxy section */

/* Begin PBXFileReference section */
		008F07F21AC5B25A0029DE68 /* main.jsbundle */ = {isa = PBXFileReference; fileEncoding = 4; lastKnownFileType = text; path = main.jsbundle; sourceTree = "<group>"; };
		00E356EE1AD99517003FC87E /* rn_starter_kitTests.xctest */ = {isa = PBXFileReference; explicitFileType = wrapper.cfbundle; includeInIndex = 0; path = rn_starter_kitTests.xctest; sourceTree = BUILT_PRODUCTS_DIR; };
		00E356F11AD99517003FC87E /* Info.plist */ = {isa = PBXFileReference; lastKnownFileType = text.plist.xml; path = Info.plist; sourceTree = "<group>"; };
		00E356F21AD99517003FC87E /* rn_starter_kitTests.m */ = {isa = PBXFileReference; lastKnownFileType = sourcecode.c.objc; path = rn_starter_kitTests.m; sourceTree = "<group>"; };
		13B07F961A680F5B00A75B9A /* rn_starter_kit.app */ = {isa = PBXFileReference; explicitFileType = wrapper.application; includeInIndex = 0; path = rn_starter_kit.app; sourceTree = BUILT_PRODUCTS_DIR; };
		13B07FAF1A68108700A75B9A /* AppDelegate.h */ = {isa = PBXFileReference; fileEncoding = 4; lastKnownFileType = sourcecode.c.h; name = AppDelegate.h; path = rn_starter_kit/AppDelegate.h; sourceTree = "<group>"; };
		13B07FB01A68108700A75B9A /* AppDelegate.m */ = {isa = PBXFileReference; fileEncoding = 4; lastKnownFileType = sourcecode.c.objc; name = AppDelegate.m; path = rn_starter_kit/AppDelegate.m; sourceTree = "<group>"; };
		13B07FB21A68108700A75B9A /* Base */ = {isa = PBXFileReference; lastKnownFileType = file.xib; name = Base; path = Base.lproj/LaunchScreen.xib; sourceTree = "<group>"; };
		13B07FB51A68108700A75B9A /* Images.xcassets */ = {isa = PBXFileReference; lastKnownFileType = folder.assetcatalog; name = Images.xcassets; path = rn_starter_kit/Images.xcassets; sourceTree = "<group>"; };
		13B07FB61A68108700A75B9A /* Info.plist */ = {isa = PBXFileReference; fileEncoding = 4; lastKnownFileType = text.plist.xml; name = Info.plist; path = rn_starter_kit/Info.plist; sourceTree = "<group>"; };
		13B07FB71A68108700A75B9A /* main.m */ = {isa = PBXFileReference; fileEncoding = 4; lastKnownFileType = sourcecode.c.objc; name = main.m; path = rn_starter_kit/main.m; sourceTree = "<group>"; };
		170EF9E526038E1C00D5F244 /* GoogleService-Info.plist */ = {isa = PBXFileReference; fileEncoding = 4; lastKnownFileType = text.plist.xml; name = "GoogleService-Info.plist"; path = "rn_starter_kit/GoogleService-Info.plist"; sourceTree = "<group>"; };
		1F2CBDEDECC74B184C4156C4 /* libPods-rn_starter_kit-rn_starter_kitTests.a */ = {isa = PBXFileReference; explicitFileType = archive.ar; includeInIndex = 0; path = "libPods-rn_starter_kit-rn_starter_kitTests.a"; sourceTree = BUILT_PRODUCTS_DIR; };
		2D02E47B1E0B4A5D006451C7 /* rn_starter_kit-tvOS.app */ = {isa = PBXFileReference; explicitFileType = wrapper.application; includeInIndex = 0; path = "rn_starter_kit-tvOS.app"; sourceTree = BUILT_PRODUCTS_DIR; };
		2D02E4901E0B4A5D006451C7 /* rn_starter_kit-tvOSTests.xctest */ = {isa = PBXFileReference; explicitFileType = wrapper.cfbundle; includeInIndex = 0; path = "rn_starter_kit-tvOSTests.xctest"; sourceTree = BUILT_PRODUCTS_DIR; };
		309F68313865614C31FA9DC8 /* Pods-rn_starter_kit-tvOS.release.xcconfig */ = {isa = PBXFileReference; includeInIndex = 1; lastKnownFileType = text.xcconfig; name = "Pods-rn_starter_kit-tvOS.release.xcconfig"; path = "Target Support Files/Pods-rn_starter_kit-tvOS/Pods-rn_starter_kit-tvOS.release.xcconfig"; sourceTree = "<group>"; };
		7214903180FB6044223A27B8 /* Pods-rn_starter_kit-rn_starter_kitTests.debug.xcconfig */ = {isa = PBXFileReference; includeInIndex = 1; lastKnownFileType = text.xcconfig; name = "Pods-rn_starter_kit-rn_starter_kitTests.debug.xcconfig"; path = "Target Support Files/Pods-rn_starter_kit-rn_starter_kitTests/Pods-rn_starter_kit-rn_starter_kitTests.debug.xcconfig"; sourceTree = "<group>"; };
		7343812BF67993E0BD209DA2 /* Pods-rn_starter_kit-rn_starter_kitTests.release.xcconfig */ = {isa = PBXFileReference; includeInIndex = 1; lastKnownFileType = text.xcconfig; name = "Pods-rn_starter_kit-rn_starter_kitTests.release.xcconfig"; path = "Target Support Files/Pods-rn_starter_kit-rn_starter_kitTests/Pods-rn_starter_kit-rn_starter_kitTests.release.xcconfig"; sourceTree = "<group>"; };
		73C68A62DE1BE0F12AAD68CA /* Pods-rn_starter_kit.release.xcconfig */ = {isa = PBXFileReference; includeInIndex = 1; lastKnownFileType = text.xcconfig; name = "Pods-rn_starter_kit.release.xcconfig"; path = "Target Support Files/Pods-rn_starter_kit/Pods-rn_starter_kit.release.xcconfig"; sourceTree = "<group>"; };
		8003D5BC11DA56E32E80E819 /* Pods-rn_starter_kit-tvOSTests.debug.xcconfig */ = {isa = PBXFileReference; includeInIndex = 1; lastKnownFileType = text.xcconfig; name = "Pods-rn_starter_kit-tvOSTests.debug.xcconfig"; path = "Target Support Files/Pods-rn_starter_kit-tvOSTests/Pods-rn_starter_kit-tvOSTests.debug.xcconfig"; sourceTree = "<group>"; };
		8FF6BC04A400CFA13326651B /* Pods-rn_starter_kit-tvOS.debug.xcconfig */ = {isa = PBXFileReference; includeInIndex = 1; lastKnownFileType = text.xcconfig; name = "Pods-rn_starter_kit-tvOS.debug.xcconfig"; path = "Target Support Files/Pods-rn_starter_kit-tvOS/Pods-rn_starter_kit-tvOS.debug.xcconfig"; sourceTree = "<group>"; };
		A3EC54A95C714D4D71B6799B /* Pods-rn_starter_kit.debug.xcconfig */ = {isa = PBXFileReference; includeInIndex = 1; lastKnownFileType = text.xcconfig; name = "Pods-rn_starter_kit.debug.xcconfig"; path = "Target Support Files/Pods-rn_starter_kit/Pods-rn_starter_kit.debug.xcconfig"; sourceTree = "<group>"; };
		B00E971559596CCD971BD5A6 /* Pods-rn_starter_kit-tvOSTests.release.xcconfig */ = {isa = PBXFileReference; includeInIndex = 1; lastKnownFileType = text.xcconfig; name = "Pods-rn_starter_kit-tvOSTests.release.xcconfig"; path = "Target Support Files/Pods-rn_starter_kit-tvOSTests/Pods-rn_starter_kit-tvOSTests.release.xcconfig"; sourceTree = "<group>"; };
		B76635116BBEDE058FB66583 /* libPods-rn_starter_kit-tvOSTests.a */ = {isa = PBXFileReference; explicitFileType = archive.ar; includeInIndex = 0; path = "libPods-rn_starter_kit-tvOSTests.a"; sourceTree = BUILT_PRODUCTS_DIR; };
		EB61CDD4227A7AF4D097BC32 /* libPods-rn_starter_kit-tvOS.a */ = {isa = PBXFileReference; explicitFileType = archive.ar; includeInIndex = 0; path = "libPods-rn_starter_kit-tvOS.a"; sourceTree = BUILT_PRODUCTS_DIR; };
		ED297162215061F000B7C4FE /* JavaScriptCore.framework */ = {isa = PBXFileReference; lastKnownFileType = wrapper.framework; name = JavaScriptCore.framework; path = System/Library/Frameworks/JavaScriptCore.framework; sourceTree = SDKROOT; };
		ED2971642150620600B7C4FE /* JavaScriptCore.framework */ = {isa = PBXFileReference; lastKnownFileType = wrapper.framework; name = JavaScriptCore.framework; path = Platforms/AppleTVOS.platform/Developer/SDKs/AppleTVOS12.0.sdk/System/Library/Frameworks/JavaScriptCore.framework; sourceTree = DEVELOPER_DIR; };
		EF14DBECD77EDC78D8CC9EDE /* libPods-rn_starter_kit.a */ = {isa = PBXFileReference; explicitFileType = archive.ar; includeInIndex = 0; path = "libPods-rn_starter_kit.a"; sourceTree = BUILT_PRODUCTS_DIR; };
		61DAEDCCFD244A19A9064738 /* categories@1x.png */ = {isa = PBXFileReference; name = "categories@1x.png"; path = "../assets/icons/categories@1x.png"; sourceTree = "<group>"; fileEncoding = undefined; lastKnownFileType = unknown; explicitFileType = undefined; includeInIndex = 0; };
		A280F58E2C6142198FBF20B4 /* categories@2x.png */ = {isa = PBXFileReference; name = "categories@2x.png"; path = "../assets/icons/categories@2x.png"; sourceTree = "<group>"; fileEncoding = undefined; lastKnownFileType = unknown; explicitFileType = undefined; includeInIndex = 0; };
		0CD78DB4EF804E309AC3C8DB /* categories@3x.png */ = {isa = PBXFileReference; name = "categories@3x.png"; path = "../assets/icons/categories@3x.png"; sourceTree = "<group>"; fileEncoding = undefined; lastKnownFileType = unknown; explicitFileType = undefined; includeInIndex = 0; };
		E85CD72ADF794736B47E719A /* collections@1x.png */ = {isa = PBXFileReference; name = "collections@1x.png"; path = "../assets/icons/collections@1x.png"; sourceTree = "<group>"; fileEncoding = undefined; lastKnownFileType = unknown; explicitFileType = undefined; includeInIndex = 0; };
		B1368FDA9388439B8FDBFB82 /* collections@2x.png */ = {isa = PBXFileReference; name = "collections@2x.png"; path = "../assets/icons/collections@2x.png"; sourceTree = "<group>"; fileEncoding = undefined; lastKnownFileType = unknown; explicitFileType = undefined; includeInIndex = 0; };
		395A13BDDF6D4261B35F899D /* collections@3x.png */ = {isa = PBXFileReference; name = "collections@3x.png"; path = "../assets/icons/collections@3x.png"; sourceTree = "<group>"; fileEncoding = undefined; lastKnownFileType = unknown; explicitFileType = undefined; includeInIndex = 0; };
		B0B87EB7479045A89975083A /* compose@1x.png */ = {isa = PBXFileReference; name = "compose@1x.png"; path = "../assets/icons/compose@1x.png"; sourceTree = "<group>"; fileEncoding = undefined; lastKnownFileType = unknown; explicitFileType = undefined; includeInIndex = 0; };
		FB038B0EE210418B8EF50B58 /* compose@2x.png */ = {isa = PBXFileReference; name = "compose@2x.png"; path = "../assets/icons/compose@2x.png"; sourceTree = "<group>"; fileEncoding = undefined; lastKnownFileType = unknown; explicitFileType = undefined; includeInIndex = 0; };
		8356FF322C1E474F91227854 /* compose@3x.png */ = {isa = PBXFileReference; name = "compose@3x.png"; path = "../assets/icons/compose@3x.png"; sourceTree = "<group>"; fileEncoding = undefined; lastKnownFileType = unknown; explicitFileType = undefined; includeInIndex = 0; };
		3C9E74260F6A4C38A45CFF44 /* default_user@1x.jpg */ = {isa = PBXFileReference; name = "default_user@1x.jpg"; path = "../assets/icons/default_user@1x.jpg"; sourceTree = "<group>"; fileEncoding = undefined; lastKnownFileType = unknown; explicitFileType = undefined; includeInIndex = 0; };
		73E21017781A4256B361C02F /* filter@1x.png */ = {isa = PBXFileReference; name = "filter@1x.png"; path = "../assets/icons/filter@1x.png"; sourceTree = "<group>"; fileEncoding = undefined; lastKnownFileType = unknown; explicitFileType = undefined; includeInIndex = 0; };
		3DF263D235804A5A949D3CF2 /* filter@2x.png */ = {isa = PBXFileReference; name = "filter@2x.png"; path = "../assets/icons/filter@2x.png"; sourceTree = "<group>"; fileEncoding = undefined; lastKnownFileType = unknown; explicitFileType = undefined; includeInIndex = 0; };
		6227068767084CBF8A7CEF36 /* filter@3x.png */ = {isa = PBXFileReference; name = "filter@3x.png"; path = "../assets/icons/filter@3x.png"; sourceTree = "<group>"; fileEncoding = undefined; lastKnownFileType = unknown; explicitFileType = undefined; includeInIndex = 0; };
		9E4A0FC402954AB6A5FE9583 /* filters@1x.png */ = {isa = PBXFileReference; name = "filters@1x.png"; path = "../assets/icons/filters@1x.png"; sourceTree = "<group>"; fileEncoding = undefined; lastKnownFileType = unknown; explicitFileType = undefined; includeInIndex = 0; };
		49C9E7C1B3BB49EB98AB4CE1 /* filters@2x.png */ = {isa = PBXFileReference; name = "filters@2x.png"; path = "../assets/icons/filters@2x.png"; sourceTree = "<group>"; fileEncoding = undefined; lastKnownFileType = unknown; explicitFileType = undefined; includeInIndex = 0; };
		323957ECB4BD4C05AA1C4A8F /* filters@3x.png */ = {isa = PBXFileReference; name = "filters@3x.png"; path = "../assets/icons/filters@3x.png"; sourceTree = "<group>"; fileEncoding = undefined; lastKnownFileType = unknown; explicitFileType = undefined; includeInIndex = 0; };
		B21C04D185D743DFA822C464 /* heart-filled@1x.png */ = {isa = PBXFileReference; name = "heart-filled@1x.png"; path = "../assets/icons/heart-filled@1x.png"; sourceTree = "<group>"; fileEncoding = undefined; lastKnownFileType = unknown; explicitFileType = undefined; includeInIndex = 0; };
		6CE7490E168C47CD912D6B7C /* heart-filled@2x.png */ = {isa = PBXFileReference; name = "heart-filled@2x.png"; path = "../assets/icons/heart-filled@2x.png"; sourceTree = "<group>"; fileEncoding = undefined; lastKnownFileType = unknown; explicitFileType = undefined; includeInIndex = 0; };
		A48728C2454B40EDB5EA1455 /* heart-filled@3x.png */ = {isa = PBXFileReference; name = "heart-filled@3x.png"; path = "../assets/icons/heart-filled@3x.png"; sourceTree = "<group>"; fileEncoding = undefined; lastKnownFileType = unknown; explicitFileType = undefined; includeInIndex = 0; };
		A579AC791C91454CB2A6DEE4 /* heart@1x.png */ = {isa = PBXFileReference; name = "heart@1x.png"; path = "../assets/icons/heart@1x.png"; sourceTree = "<group>"; fileEncoding = undefined; lastKnownFileType = unknown; explicitFileType = undefined; includeInIndex = 0; };
		CDC26F91FDDC4814970374E2 /* heart@2x.png */ = {isa = PBXFileReference; name = "heart@2x.png"; path = "../assets/icons/heart@2x.png"; sourceTree = "<group>"; fileEncoding = undefined; lastKnownFileType = unknown; explicitFileType = undefined; includeInIndex = 0; };
		449EA8587BB34E32A41A1E28 /* heart@3x.png */ = {isa = PBXFileReference; name = "heart@3x.png"; path = "../assets/icons/heart@3x.png"; sourceTree = "<group>"; fileEncoding = undefined; lastKnownFileType = unknown; explicitFileType = undefined; includeInIndex = 0; };
		C183CC23100B4569AFF38A79 /* home@1x.png */ = {isa = PBXFileReference; name = "home@1x.png"; path = "../assets/icons/home@1x.png"; sourceTree = "<group>"; fileEncoding = undefined; lastKnownFileType = unknown; explicitFileType = undefined; includeInIndex = 0; };
		9C522CA81FBA4373AFB7BB21 /* home@2x.png */ = {isa = PBXFileReference; name = "home@2x.png"; path = "../assets/icons/home@2x.png"; sourceTree = "<group>"; fileEncoding = undefined; lastKnownFileType = unknown; explicitFileType = undefined; includeInIndex = 0; };
		34530C60BDF1444990B8B295 /* home@3x.png */ = {isa = PBXFileReference; name = "home@3x.png"; path = "../assets/icons/home@3x.png"; sourceTree = "<group>"; fileEncoding = undefined; lastKnownFileType = unknown; explicitFileType = undefined; includeInIndex = 0; };
		56309669E67742D498D9BDB8 /* list@1x.png */ = {isa = PBXFileReference; name = "list@1x.png"; path = "../assets/icons/list@1x.png"; sourceTree = "<group>"; fileEncoding = undefined; lastKnownFileType = unknown; explicitFileType = undefined; includeInIndex = 0; };
		B3C84511104F4D78B80452E6 /* list@2x.png */ = {isa = PBXFileReference; name = "list@2x.png"; path = "../assets/icons/list@2x.png"; sourceTree = "<group>"; fileEncoding = undefined; lastKnownFileType = unknown; explicitFileType = undefined; includeInIndex = 0; };
		61C5F3F1E37E4F8E80BA8741 /* list@3x.png */ = {isa = PBXFileReference; name = "list@3x.png"; path = "../assets/icons/list@3x.png"; sourceTree = "<group>"; fileEncoding = undefined; lastKnownFileType = unknown; explicitFileType = undefined; includeInIndex = 0; };
		4E25022D0467424BB6F50422 /* map@1x.png */ = {isa = PBXFileReference; name = "map@1x.png"; path = "../assets/icons/map@1x.png"; sourceTree = "<group>"; fileEncoding = undefined; lastKnownFileType = unknown; explicitFileType = undefined; includeInIndex = 0; };
		FC063E59A69C4B85A0D48001 /* map@2x.png */ = {isa = PBXFileReference; name = "map@2x.png"; path = "../assets/icons/map@2x.png"; sourceTree = "<group>"; fileEncoding = undefined; lastKnownFileType = unknown; explicitFileType = undefined; includeInIndex = 0; };
		650031634A1046FE9FCDA038 /* map@3x.png */ = {isa = PBXFileReference; name = "map@3x.png"; path = "../assets/icons/map@3x.png"; sourceTree = "<group>"; fileEncoding = undefined; lastKnownFileType = unknown; explicitFileType = undefined; includeInIndex = 0; };
		75EC29ADD6644D4EA83378C4 /* review@1x.png */ = {isa = PBXFileReference; name = "review@1x.png"; path = "../assets/icons/review@1x.png"; sourceTree = "<group>"; fileEncoding = undefined; lastKnownFileType = unknown; explicitFileType = undefined; includeInIndex = 0; };
		60A7A9F81AF54987B17D227F /* review@2x.png */ = {isa = PBXFileReference; name = "review@2x.png"; path = "../assets/icons/review@2x.png"; sourceTree = "<group>"; fileEncoding = undefined; lastKnownFileType = unknown; explicitFileType = undefined; includeInIndex = 0; };
		E8C39A53ED454578A32D4C9A /* review@3x.png */ = {isa = PBXFileReference; name = "review@3x.png"; path = "../assets/icons/review@3x.png"; sourceTree = "<group>"; fileEncoding = undefined; lastKnownFileType = unknown; explicitFileType = undefined; includeInIndex = 0; };
		14177D63DB714749B501F96B /* search@1x.png */ = {isa = PBXFileReference; name = "search@1x.png"; path = "../assets/icons/search@1x.png"; sourceTree = "<group>"; fileEncoding = undefined; lastKnownFileType = unknown; explicitFileType = undefined; includeInIndex = 0; };
		FD68F84A286140FA9C77DA22 /* search@2x.png */ = {isa = PBXFileReference; name = "search@2x.png"; path = "../assets/icons/search@2x.png"; sourceTree = "<group>"; fileEncoding = undefined; lastKnownFileType = unknown; explicitFileType = undefined; includeInIndex = 0; };
		AF40F107C0F545739DF299EE /* search@3x.png */ = {isa = PBXFileReference; name = "search@3x.png"; path = "../assets/icons/search@3x.png"; sourceTree = "<group>"; fileEncoding = undefined; lastKnownFileType = unknown; explicitFileType = undefined; includeInIndex = 0; };
		1296C9F097264D7B8A3D2A93 /* shutdown@1x.png */ = {isa = PBXFileReference; name = "shutdown@1x.png"; path = "../assets/icons/shutdown@1x.png"; sourceTree = "<group>"; fileEncoding = undefined; lastKnownFileType = unknown; explicitFileType = undefined; includeInIndex = 0; };
		1BF75E068CF94C01BF3079EE /* star_filled@1x.png */ = {isa = PBXFileReference; name = "star_filled@1x.png"; path = "../assets/icons/star_filled@1x.png"; sourceTree = "<group>"; fileEncoding = undefined; lastKnownFileType = unknown; explicitFileType = undefined; includeInIndex = 0; };
		24D493BAB2CC4BCD8F25B396 /* star_filled@2x.png */ = {isa = PBXFileReference; name = "star_filled@2x.png"; path = "../assets/icons/star_filled@2x.png"; sourceTree = "<group>"; fileEncoding = undefined; lastKnownFileType = unknown; explicitFileType = undefined; includeInIndex = 0; };
		990B60732AFD443EA34D0587 /* star_filled@3x.png */ = {isa = PBXFileReference; name = "star_filled@3x.png"; path = "../assets/icons/star_filled@3x.png"; sourceTree = "<group>"; fileEncoding = undefined; lastKnownFileType = unknown; explicitFileType = undefined; includeInIndex = 0; };
		8B47796464204B32BD4A13F2 /* star_nofilled@1x.png */ = {isa = PBXFileReference; name = "star_nofilled@1x.png"; path = "../assets/icons/star_nofilled@1x.png"; sourceTree = "<group>"; fileEncoding = undefined; lastKnownFileType = unknown; explicitFileType = undefined; includeInIndex = 0; };
		919716767B644E2DAA8DC261 /* star_nofilled@2x.png */ = {isa = PBXFileReference; name = "star_nofilled@2x.png"; path = "../assets/icons/star_nofilled@2x.png"; sourceTree = "<group>"; fileEncoding = undefined; lastKnownFileType = unknown; explicitFileType = undefined; includeInIndex = 0; };
		585B500B002D49D7BB8D5ECB /* star_nofilled@3x.png */ = {isa = PBXFileReference; name = "star_nofilled@3x.png"; path = "../assets/icons/star_nofilled@3x.png"; sourceTree = "<group>"; fileEncoding = undefined; lastKnownFileType = unknown; explicitFileType = undefined; includeInIndex = 0; };
		27B70BC7AF3E4C0FAFF48BDC /* Noto Sans Bold.ttf */ = {isa = PBXFileReference; name = "Noto Sans Bold.ttf"; path = "../assets/fonts/Noto Sans Bold.ttf"; sourceTree = "<group>"; fileEncoding = undefined; lastKnownFileType = unknown; explicitFileType = undefined; includeInIndex = 0; };
		8314F0B935044D3AB95242E3 /* Noto Sans.ttf */ = {isa = PBXFileReference; name = "Noto Sans.ttf"; path = "../assets/fonts/Noto Sans.ttf"; sourceTree = "<group>"; fileEncoding = undefined; lastKnownFileType = unknown; explicitFileType = undefined; includeInIndex = 0; };
		BDD51DC002694273BE115AC3 /* PROMPT-BLACK.TTF */ = {isa = PBXFileReference; name = "PROMPT-BLACK.TTF"; path = "../assets/fonts/PROMPT-BLACK.TTF"; sourceTree = "<group>"; fileEncoding = undefined; lastKnownFileType = unknown; explicitFileType = undefined; includeInIndex = 0; };
		101AEC3C98C54D5BB1122E11 /* PROMPT-BLACKITALIC.TTF */ = {isa = PBXFileReference; name = "PROMPT-BLACKITALIC.TTF"; path = "../assets/fonts/PROMPT-BLACKITALIC.TTF"; sourceTree = "<group>"; fileEncoding = undefined; lastKnownFileType = unknown; explicitFileType = undefined; includeInIndex = 0; };
		08CDE55AB3774406A48ECA32 /* PROMPT-BOLD.TTF */ = {isa = PBXFileReference; name = "PROMPT-BOLD.TTF"; path = "../assets/fonts/PROMPT-BOLD.TTF"; sourceTree = "<group>"; fileEncoding = undefined; lastKnownFileType = unknown; explicitFileType = undefined; includeInIndex = 0; };
		5A53838D556E4704BE9BE905 /* PROMPT-EXTRABOLD.TTF */ = {isa = PBXFileReference; name = "PROMPT-EXTRABOLD.TTF"; path = "../assets/fonts/PROMPT-EXTRABOLD.TTF"; sourceTree = "<group>"; fileEncoding = undefined; lastKnownFileType = unknown; explicitFileType = undefined; includeInIndex = 0; };
		C984BBA300AE4F3D9AD4D6CE /* PROMPT-EXTRALIGHT.TTF */ = {isa = PBXFileReference; name = "PROMPT-EXTRALIGHT.TTF"; path = "../assets/fonts/PROMPT-EXTRALIGHT.TTF"; sourceTree = "<group>"; fileEncoding = undefined; lastKnownFileType = unknown; explicitFileType = undefined; includeInIndex = 0; };
		F94C0F222DD64EDF919ED742 /* PROMPT-ITALIC.TTF */ = {isa = PBXFileReference; name = "PROMPT-ITALIC.TTF"; path = "../assets/fonts/PROMPT-ITALIC.TTF"; sourceTree = "<group>"; fileEncoding = undefined; lastKnownFileType = unknown; explicitFileType = undefined; includeInIndex = 0; };
		D961D52DCBEC449E9BD57481 /* PROMPT-LIGHTITALIC.TTF */ = {isa = PBXFileReference; name = "PROMPT-LIGHTITALIC.TTF"; path = "../assets/fonts/PROMPT-LIGHTITALIC.TTF"; sourceTree = "<group>"; fileEncoding = undefined; lastKnownFileType = unknown; explicitFileType = undefined; includeInIndex = 0; };
		93BE789C1630446787E8BF4E /* PROMPT-MEDIUM.TTF */ = {isa = PBXFileReference; name = "PROMPT-MEDIUM.TTF"; path = "../assets/fonts/PROMPT-MEDIUM.TTF"; sourceTree = "<group>"; fileEncoding = undefined; lastKnownFileType = unknown; explicitFileType = undefined; includeInIndex = 0; };
		E1661CD0C3C546F6ACAFE24E /* PROMPT-REGULAR.TTF */ = {isa = PBXFileReference; name = "PROMPT-REGULAR.TTF"; path = "../assets/fonts/PROMPT-REGULAR.TTF"; sourceTree = "<group>"; fileEncoding = undefined; lastKnownFileType = unknown; explicitFileType = undefined; includeInIndex = 0; };
		7D393FA68EE04F06AE1CA1FC /* PROMPT-SEMIBOLD.TTF */ = {isa = PBXFileReference; name = "PROMPT-SEMIBOLD.TTF"; path = "../assets/fonts/PROMPT-SEMIBOLD.TTF"; sourceTree = "<group>"; fileEncoding = undefined; lastKnownFileType = unknown; explicitFileType = undefined; includeInIndex = 0; };
		5F2D51D19C66437B9C520F6F /* PROMPT-THIN.TTF */ = {isa = PBXFileReference; name = "PROMPT-THIN.TTF"; path = "../assets/fonts/PROMPT-THIN.TTF"; sourceTree = "<group>"; fileEncoding = undefined; lastKnownFileType = unknown; explicitFileType = undefined; includeInIndex = 0; };
		BD45771422A5401F913A9759 /* AntDesign.ttf */ = {isa = PBXFileReference; name = "AntDesign.ttf"; path = "../node_modules/react-native-vector-icons/Fonts/AntDesign.ttf"; sourceTree = "<group>"; fileEncoding = undefined; lastKnownFileType = unknown; explicitFileType = undefined; includeInIndex = 0; };
		AD8CA18E003B44FE9CD7B4C7 /* Entypo.ttf */ = {isa = PBXFileReference; name = "Entypo.ttf"; path = "../node_modules/react-native-vector-icons/Fonts/Entypo.ttf"; sourceTree = "<group>"; fileEncoding = undefined; lastKnownFileType = unknown; explicitFileType = undefined; includeInIndex = 0; };
		A3DF7C54F15D4A04861643DC /* EvilIcons.ttf */ = {isa = PBXFileReference; name = "EvilIcons.ttf"; path = "../node_modules/react-native-vector-icons/Fonts/EvilIcons.ttf"; sourceTree = "<group>"; fileEncoding = undefined; lastKnownFileType = unknown; explicitFileType = undefined; includeInIndex = 0; };
		14C4CA2F287140E69486BDCD /* Feather.ttf */ = {isa = PBXFileReference; name = "Feather.ttf"; path = "../node_modules/react-native-vector-icons/Fonts/Feather.ttf"; sourceTree = "<group>"; fileEncoding = undefined; lastKnownFileType = unknown; explicitFileType = undefined; includeInIndex = 0; };
		6481B1FD7F024657AAA8853B /* FontAwesome.ttf */ = {isa = PBXFileReference; name = "FontAwesome.ttf"; path = "../node_modules/react-native-vector-icons/Fonts/FontAwesome.ttf"; sourceTree = "<group>"; fileEncoding = undefined; lastKnownFileType = unknown; explicitFileType = undefined; includeInIndex = 0; };
		61493286EF294BA88DBFA2CE /* FontAwesome5_Brands.ttf */ = {isa = PBXFileReference; name = "FontAwesome5_Brands.ttf"; path = "../node_modules/react-native-vector-icons/Fonts/FontAwesome5_Brands.ttf"; sourceTree = "<group>"; fileEncoding = undefined; lastKnownFileType = unknown; explicitFileType = undefined; includeInIndex = 0; };
		410AC14AF7314FB7A2E05F2D /* FontAwesome5_Regular.ttf */ = {isa = PBXFileReference; name = "FontAwesome5_Regular.ttf"; path = "../node_modules/react-native-vector-icons/Fonts/FontAwesome5_Regular.ttf"; sourceTree = "<group>"; fileEncoding = undefined; lastKnownFileType = unknown; explicitFileType = undefined; includeInIndex = 0; };
		49AFE3FA6BC64B3A9E9384B8 /* FontAwesome5_Solid.ttf */ = {isa = PBXFileReference; name = "FontAwesome5_Solid.ttf"; path = "../node_modules/react-native-vector-icons/Fonts/FontAwesome5_Solid.ttf"; sourceTree = "<group>"; fileEncoding = undefined; lastKnownFileType = unknown; explicitFileType = undefined; includeInIndex = 0; };
		86F920C4B5524C1BA04D2F22 /* Fontisto.ttf */ = {isa = PBXFileReference; name = "Fontisto.ttf"; path = "../node_modules/react-native-vector-icons/Fonts/Fontisto.ttf"; sourceTree = "<group>"; fileEncoding = undefined; lastKnownFileType = unknown; explicitFileType = undefined; includeInIndex = 0; };
		1DB49E12E80C4D6B99107D7A /* Foundation.ttf */ = {isa = PBXFileReference; name = "Foundation.ttf"; path = "../node_modules/react-native-vector-icons/Fonts/Foundation.ttf"; sourceTree = "<group>"; fileEncoding = undefined; lastKnownFileType = unknown; explicitFileType = undefined; includeInIndex = 0; };
		FBE7988B9AD646699B97084E /* Ionicons.ttf */ = {isa = PBXFileReference; name = "Ionicons.ttf"; path = "../node_modules/react-native-vector-icons/Fonts/Ionicons.ttf"; sourceTree = "<group>"; fileEncoding = undefined; lastKnownFileType = unknown; explicitFileType = undefined; includeInIndex = 0; };
		5B1989B831AD45D696B42CF6 /* MaterialCommunityIcons.ttf */ = {isa = PBXFileReference; name = "MaterialCommunityIcons.ttf"; path = "../node_modules/react-native-vector-icons/Fonts/MaterialCommunityIcons.ttf"; sourceTree = "<group>"; fileEncoding = undefined; lastKnownFileType = unknown; explicitFileType = undefined; includeInIndex = 0; };
		D1FEF21B97F245B9A7EB3C3E /* MaterialIcons.ttf */ = {isa = PBXFileReference; name = "MaterialIcons.ttf"; path = "../node_modules/react-native-vector-icons/Fonts/MaterialIcons.ttf"; sourceTree = "<group>"; fileEncoding = undefined; lastKnownFileType = unknown; explicitFileType = undefined; includeInIndex = 0; };
		0FF0C2310946418784B93059 /* Octicons.ttf */ = {isa = PBXFileReference; name = "Octicons.ttf"; path = "../node_modules/react-native-vector-icons/Fonts/Octicons.ttf"; sourceTree = "<group>"; fileEncoding = undefined; lastKnownFileType = unknown; explicitFileType = undefined; includeInIndex = 0; };
		FED684108F2C487DA4CAE6E0 /* SimpleLineIcons.ttf */ = {isa = PBXFileReference; name = "SimpleLineIcons.ttf"; path = "../node_modules/react-native-vector-icons/Fonts/SimpleLineIcons.ttf"; sourceTree = "<group>"; fileEncoding = undefined; lastKnownFileType = unknown; explicitFileType = undefined; includeInIndex = 0; };
		4A6BBC3293B8449BBD318C2F /* Zocial.ttf */ = {isa = PBXFileReference; name = "Zocial.ttf"; path = "../node_modules/react-native-vector-icons/Fonts/Zocial.ttf"; sourceTree = "<group>"; fileEncoding = undefined; lastKnownFileType = unknown; explicitFileType = undefined; includeInIndex = 0; };
/* End PBXFileReference section */

/* Begin PBXFrameworksBuildPhase section */
		00E356EB1AD99517003FC87E /* Frameworks */ = {
			isa = PBXFrameworksBuildPhase;
			buildActionMask = 2147483647;
			files = (
				1DDD8478553F71443E290F87 /* libPods-rn_starter_kit-rn_starter_kitTests.a in Frameworks */,
			);
			runOnlyForDeploymentPostprocessing = 0;
		};
		13B07F8C1A680F5B00A75B9A /* Frameworks */ = {
			isa = PBXFrameworksBuildPhase;
			buildActionMask = 2147483647;
			files = (
				CA046896E60D98A334D4018A /* libPods-rn_starter_kit.a in Frameworks */,
			);
			runOnlyForDeploymentPostprocessing = 0;
		};
		2D02E4781E0B4A5D006451C7 /* Frameworks */ = {
			isa = PBXFrameworksBuildPhase;
			buildActionMask = 2147483647;
			files = (
				B0CDFDF5EADEDBE3515EA52E /* libPods-rn_starter_kit-tvOS.a in Frameworks */,
			);
			runOnlyForDeploymentPostprocessing = 0;
		};
		2D02E48D1E0B4A5D006451C7 /* Frameworks */ = {
			isa = PBXFrameworksBuildPhase;
			buildActionMask = 2147483647;
			files = (
				D0294A9E94B55C58B7308329 /* libPods-rn_starter_kit-tvOSTests.a in Frameworks */,
			);
			runOnlyForDeploymentPostprocessing = 0;
		};
/* End PBXFrameworksBuildPhase section */

/* Begin PBXGroup section */
		00E356EF1AD99517003FC87E /* rn_starter_kitTests */ = {
			isa = PBXGroup;
			children = (
				00E356F21AD99517003FC87E /* rn_starter_kitTests.m */,
				00E356F01AD99517003FC87E /* Supporting Files */,
			);
			path = rn_starter_kitTests;
			sourceTree = "<group>";
		};
		00E356F01AD99517003FC87E /* Supporting Files */ = {
			isa = PBXGroup;
			children = (
				00E356F11AD99517003FC87E /* Info.plist */,
			);
			name = "Supporting Files";
			sourceTree = "<group>";
		};
		13B07FAE1A68108700A75B9A /* rn_starter_kit */ = {
			isa = PBXGroup;
			children = (
				008F07F21AC5B25A0029DE68 /* main.jsbundle */,
				13B07FAF1A68108700A75B9A /* AppDelegate.h */,
				13B07FB01A68108700A75B9A /* AppDelegate.m */,
				13B07FB51A68108700A75B9A /* Images.xcassets */,
				13B07FB61A68108700A75B9A /* Info.plist */,
				13B07FB11A68108700A75B9A /* LaunchScreen.xib */,
				13B07FB71A68108700A75B9A /* main.m */,
				170EF9E526038E1C00D5F244 /* GoogleService-Info.plist */,
			);
			name = rn_starter_kit;
			sourceTree = "<group>";
		};
		2D16E6871FA4F8E400B85C8A /* Frameworks */ = {
			isa = PBXGroup;
			children = (
				ED297162215061F000B7C4FE /* JavaScriptCore.framework */,
				ED2971642150620600B7C4FE /* JavaScriptCore.framework */,
				EF14DBECD77EDC78D8CC9EDE /* libPods-rn_starter_kit.a */,
				1F2CBDEDECC74B184C4156C4 /* libPods-rn_starter_kit-rn_starter_kitTests.a */,
				EB61CDD4227A7AF4D097BC32 /* libPods-rn_starter_kit-tvOS.a */,
				B76635116BBEDE058FB66583 /* libPods-rn_starter_kit-tvOSTests.a */,
			);
			name = Frameworks;
			sourceTree = "<group>";
		};
		6EEB561ECB78D99AE8BC2B30 /* Pods */ = {
			isa = PBXGroup;
			children = (
				A3EC54A95C714D4D71B6799B /* Pods-rn_starter_kit.debug.xcconfig */,
				73C68A62DE1BE0F12AAD68CA /* Pods-rn_starter_kit.release.xcconfig */,
				7214903180FB6044223A27B8 /* Pods-rn_starter_kit-rn_starter_kitTests.debug.xcconfig */,
				7343812BF67993E0BD209DA2 /* Pods-rn_starter_kit-rn_starter_kitTests.release.xcconfig */,
				8FF6BC04A400CFA13326651B /* Pods-rn_starter_kit-tvOS.debug.xcconfig */,
				309F68313865614C31FA9DC8 /* Pods-rn_starter_kit-tvOS.release.xcconfig */,
				8003D5BC11DA56E32E80E819 /* Pods-rn_starter_kit-tvOSTests.debug.xcconfig */,
				B00E971559596CCD971BD5A6 /* Pods-rn_starter_kit-tvOSTests.release.xcconfig */,
			);
			path = Pods;
			sourceTree = "<group>";
		};
		832341AE1AAA6A7D00B99B32 /* Libraries */ = {
			isa = PBXGroup;
			children = (
			);
			name = Libraries;
			sourceTree = "<group>";
		};
		83CBB9F61A601CBA00E9B192 = {
			isa = PBXGroup;
			children = (
				13B07FAE1A68108700A75B9A /* rn_starter_kit */,
				832341AE1AAA6A7D00B99B32 /* Libraries */,
				00E356EF1AD99517003FC87E /* rn_starter_kitTests */,
				83CBBA001A601CBA00E9B192 /* Products */,
				2D16E6871FA4F8E400B85C8A /* Frameworks */,
				6EEB561ECB78D99AE8BC2B30 /* Pods */,
				CE210575DFDD45E7B692CCF7 /* Resources */,
			);
			indentWidth = 2;
			sourceTree = "<group>";
			tabWidth = 2;
			usesTabs = 0;
		};
		83CBBA001A601CBA00E9B192 /* Products */ = {
			isa = PBXGroup;
			children = (
				13B07F961A680F5B00A75B9A /* rn_starter_kit.app */,
				00E356EE1AD99517003FC87E /* rn_starter_kitTests.xctest */,
				2D02E47B1E0B4A5D006451C7 /* rn_starter_kit-tvOS.app */,
				2D02E4901E0B4A5D006451C7 /* rn_starter_kit-tvOSTests.xctest */,
			);
			name = Products;
			sourceTree = "<group>";
		};
		CE210575DFDD45E7B692CCF7 /* Resources */ = {
			isa = "PBXGroup";
			children = (
				61DAEDCCFD244A19A9064738 /* categories@1x.png */,
				A280F58E2C6142198FBF20B4 /* categories@2x.png */,
				0CD78DB4EF804E309AC3C8DB /* categories@3x.png */,
				E85CD72ADF794736B47E719A /* collections@1x.png */,
				B1368FDA9388439B8FDBFB82 /* collections@2x.png */,
				395A13BDDF6D4261B35F899D /* collections@3x.png */,
				B0B87EB7479045A89975083A /* compose@1x.png */,
				FB038B0EE210418B8EF50B58 /* compose@2x.png */,
				8356FF322C1E474F91227854 /* compose@3x.png */,
				3C9E74260F6A4C38A45CFF44 /* default_user@1x.jpg */,
				73E21017781A4256B361C02F /* filter@1x.png */,
				3DF263D235804A5A949D3CF2 /* filter@2x.png */,
				6227068767084CBF8A7CEF36 /* filter@3x.png */,
				9E4A0FC402954AB6A5FE9583 /* filters@1x.png */,
				49C9E7C1B3BB49EB98AB4CE1 /* filters@2x.png */,
				323957ECB4BD4C05AA1C4A8F /* filters@3x.png */,
				B21C04D185D743DFA822C464 /* heart-filled@1x.png */,
				6CE7490E168C47CD912D6B7C /* heart-filled@2x.png */,
				A48728C2454B40EDB5EA1455 /* heart-filled@3x.png */,
				A579AC791C91454CB2A6DEE4 /* heart@1x.png */,
				CDC26F91FDDC4814970374E2 /* heart@2x.png */,
				449EA8587BB34E32A41A1E28 /* heart@3x.png */,
				C183CC23100B4569AFF38A79 /* home@1x.png */,
				9C522CA81FBA4373AFB7BB21 /* home@2x.png */,
				34530C60BDF1444990B8B295 /* home@3x.png */,
				56309669E67742D498D9BDB8 /* list@1x.png */,
				B3C84511104F4D78B80452E6 /* list@2x.png */,
				61C5F3F1E37E4F8E80BA8741 /* list@3x.png */,
				4E25022D0467424BB6F50422 /* map@1x.png */,
				FC063E59A69C4B85A0D48001 /* map@2x.png */,
				650031634A1046FE9FCDA038 /* map@3x.png */,
				75EC29ADD6644D4EA83378C4 /* review@1x.png */,
				60A7A9F81AF54987B17D227F /* review@2x.png */,
				E8C39A53ED454578A32D4C9A /* review@3x.png */,
				14177D63DB714749B501F96B /* search@1x.png */,
				FD68F84A286140FA9C77DA22 /* search@2x.png */,
				AF40F107C0F545739DF299EE /* search@3x.png */,
				1296C9F097264D7B8A3D2A93 /* shutdown@1x.png */,
				1BF75E068CF94C01BF3079EE /* star_filled@1x.png */,
				24D493BAB2CC4BCD8F25B396 /* star_filled@2x.png */,
				990B60732AFD443EA34D0587 /* star_filled@3x.png */,
				8B47796464204B32BD4A13F2 /* star_nofilled@1x.png */,
				919716767B644E2DAA8DC261 /* star_nofilled@2x.png */,
				585B500B002D49D7BB8D5ECB /* star_nofilled@3x.png */,
				27B70BC7AF3E4C0FAFF48BDC /* Noto Sans Bold.ttf */,
				8314F0B935044D3AB95242E3 /* Noto Sans.ttf */,
				BDD51DC002694273BE115AC3 /* PROMPT-BLACK.TTF */,
				101AEC3C98C54D5BB1122E11 /* PROMPT-BLACKITALIC.TTF */,
				08CDE55AB3774406A48ECA32 /* PROMPT-BOLD.TTF */,
				5A53838D556E4704BE9BE905 /* PROMPT-EXTRABOLD.TTF */,
				C984BBA300AE4F3D9AD4D6CE /* PROMPT-EXTRALIGHT.TTF */,
				F94C0F222DD64EDF919ED742 /* PROMPT-ITALIC.TTF */,
				D961D52DCBEC449E9BD57481 /* PROMPT-LIGHTITALIC.TTF */,
				93BE789C1630446787E8BF4E /* PROMPT-MEDIUM.TTF */,
				E1661CD0C3C546F6ACAFE24E /* PROMPT-REGULAR.TTF */,
				7D393FA68EE04F06AE1CA1FC /* PROMPT-SEMIBOLD.TTF */,
				5F2D51D19C66437B9C520F6F /* PROMPT-THIN.TTF */,
				BD45771422A5401F913A9759 /* AntDesign.ttf */,
				AD8CA18E003B44FE9CD7B4C7 /* Entypo.ttf */,
				A3DF7C54F15D4A04861643DC /* EvilIcons.ttf */,
				14C4CA2F287140E69486BDCD /* Feather.ttf */,
				6481B1FD7F024657AAA8853B /* FontAwesome.ttf */,
				61493286EF294BA88DBFA2CE /* FontAwesome5_Brands.ttf */,
				410AC14AF7314FB7A2E05F2D /* FontAwesome5_Regular.ttf */,
				49AFE3FA6BC64B3A9E9384B8 /* FontAwesome5_Solid.ttf */,
				86F920C4B5524C1BA04D2F22 /* Fontisto.ttf */,
				1DB49E12E80C4D6B99107D7A /* Foundation.ttf */,
				FBE7988B9AD646699B97084E /* Ionicons.ttf */,
				5B1989B831AD45D696B42CF6 /* MaterialCommunityIcons.ttf */,
				D1FEF21B97F245B9A7EB3C3E /* MaterialIcons.ttf */,
				0FF0C2310946418784B93059 /* Octicons.ttf */,
				FED684108F2C487DA4CAE6E0 /* SimpleLineIcons.ttf */,
				4A6BBC3293B8449BBD318C2F /* Zocial.ttf */,
			);
			name = Resources;
			sourceTree = "<group>";
			path = "";
		};
/* End PBXGroup section */

/* Begin PBXNativeTarget section */
		00E356ED1AD99517003FC87E /* rn_starter_kitTests */ = {
			isa = PBXNativeTarget;
			buildConfigurationList = 00E357021AD99517003FC87E /* Build configuration list for PBXNativeTarget "rn_starter_kitTests" */;
			buildPhases = (
				0ACE866D9D4A56271F3E2B05 /* [CP] Check Pods Manifest.lock */,
				00E356EA1AD99517003FC87E /* Sources */,
				00E356EB1AD99517003FC87E /* Frameworks */,
				00E356EC1AD99517003FC87E /* Resources */,
				534CA8AE0D369DDC9CCEEAA1 /* [CP] Copy Pods Resources */,
			);
			buildRules = (
			);
			dependencies = (
				00E356F51AD99517003FC87E /* PBXTargetDependency */,
			);
			name = rn_starter_kitTests;
			productName = rn_starter_kitTests;
			productReference = 00E356EE1AD99517003FC87E /* rn_starter_kitTests.xctest */;
			productType = "com.apple.product-type.bundle.unit-test";
		};
		13B07F861A680F5B00A75B9A /* rn_starter_kit */ = {
			isa = PBXNativeTarget;
			buildConfigurationList = 13B07F931A680F5B00A75B9A /* Build configuration list for PBXNativeTarget "rn_starter_kit" */;
			buildPhases = (
				30B6E2A6162A2325C20A281C /* [CP] Check Pods Manifest.lock */,
				FD10A7F022414F080027D42C /* Start Packager */,
				13B07F871A680F5B00A75B9A /* Sources */,
				13B07F8C1A680F5B00A75B9A /* Frameworks */,
				13B07F8E1A680F5B00A75B9A /* Resources */,
				00DD1BFF1BD5951E006B06BC /* Bundle React Native code and images */,
				78798A84CA05C8E65C9D6174 /* [CP] Copy Pods Resources */,
				BE300587E0DA1339E5A9B6FA /* [CP-User] [RNFB] Core Configuration */,
			);
			buildRules = (
			);
			dependencies = (
			);
			name = rn_starter_kit;
			productName = rn_starter_kit;
			productReference = 13B07F961A680F5B00A75B9A /* rn_starter_kit.app */;
			productType = "com.apple.product-type.application";
		};
		2D02E47A1E0B4A5D006451C7 /* rn_starter_kit-tvOS */ = {
			isa = PBXNativeTarget;
			buildConfigurationList = 2D02E4BA1E0B4A5E006451C7 /* Build configuration list for PBXNativeTarget "rn_starter_kit-tvOS" */;
			buildPhases = (
				FF63924A31D867B79C5B3CBB /* [CP] Check Pods Manifest.lock */,
				FD10A7F122414F3F0027D42C /* Start Packager */,
				2D02E4771E0B4A5D006451C7 /* Sources */,
				2D02E4781E0B4A5D006451C7 /* Frameworks */,
				2D02E4791E0B4A5D006451C7 /* Resources */,
				2D02E4CB1E0B4B27006451C7 /* Bundle React Native Code And Images */,
			);
			buildRules = (
			);
			dependencies = (
			);
			name = "rn_starter_kit-tvOS";
			productName = "rn_starter_kit-tvOS";
			productReference = 2D02E47B1E0B4A5D006451C7 /* rn_starter_kit-tvOS.app */;
			productType = "com.apple.product-type.application";
		};
		2D02E48F1E0B4A5D006451C7 /* rn_starter_kit-tvOSTests */ = {
			isa = PBXNativeTarget;
			buildConfigurationList = 2D02E4BB1E0B4A5E006451C7 /* Build configuration list for PBXNativeTarget "rn_starter_kit-tvOSTests" */;
			buildPhases = (
				091014991E3E60BCF9F20C38 /* [CP] Check Pods Manifest.lock */,
				2D02E48C1E0B4A5D006451C7 /* Sources */,
				2D02E48D1E0B4A5D006451C7 /* Frameworks */,
				2D02E48E1E0B4A5D006451C7 /* Resources */,
			);
			buildRules = (
			);
			dependencies = (
				2D02E4921E0B4A5D006451C7 /* PBXTargetDependency */,
			);
			name = "rn_starter_kit-tvOSTests";
			productName = "rn_starter_kit-tvOSTests";
			productReference = 2D02E4901E0B4A5D006451C7 /* rn_starter_kit-tvOSTests.xctest */;
			productType = "com.apple.product-type.bundle.unit-test";
		};
/* End PBXNativeTarget section */

/* Begin PBXProject section */
		83CBB9F71A601CBA00E9B192 /* Project object */ = {
			isa = PBXProject;
			attributes = {
				LastUpgradeCheck = 1130;
				TargetAttributes = {
					00E356ED1AD99517003FC87E = {
						CreatedOnToolsVersion = 6.2;
						TestTargetID = 13B07F861A680F5B00A75B9A;
					};
					13B07F861A680F5B00A75B9A = {
						LastSwiftMigration = 1120;
					};
					2D02E47A1E0B4A5D006451C7 = {
						CreatedOnToolsVersion = 8.2.1;
						ProvisioningStyle = Automatic;
					};
					2D02E48F1E0B4A5D006451C7 = {
						CreatedOnToolsVersion = 8.2.1;
						ProvisioningStyle = Automatic;
						TestTargetID = 2D02E47A1E0B4A5D006451C7;
					};
				};
			};
			buildConfigurationList = 83CBB9FA1A601CBA00E9B192 /* Build configuration list for PBXProject "rn_starter_kit" */;
			compatibilityVersion = "Xcode 3.2";
			developmentRegion = en;
			hasScannedForEncodings = 0;
			knownRegions = (
				en,
				Base,
			);
			mainGroup = 83CBB9F61A601CBA00E9B192;
			productRefGroup = 83CBBA001A601CBA00E9B192 /* Products */;
			projectDirPath = "";
			projectRoot = "";
			targets = (
				13B07F861A680F5B00A75B9A /* rn_starter_kit */,
				00E356ED1AD99517003FC87E /* rn_starter_kitTests */,
				2D02E47A1E0B4A5D006451C7 /* rn_starter_kit-tvOS */,
				2D02E48F1E0B4A5D006451C7 /* rn_starter_kit-tvOSTests */,
			);
		};
/* End PBXProject section */

/* Begin PBXResourcesBuildPhase section */
		00E356EC1AD99517003FC87E /* Resources */ = {
			isa = PBXResourcesBuildPhase;
			buildActionMask = 2147483647;
			files = (
			);
			runOnlyForDeploymentPostprocessing = 0;
		};
		13B07F8E1A680F5B00A75B9A /* Resources */ = {
			isa = PBXResourcesBuildPhase;
			buildActionMask = 2147483647;
			files = (
				13B07FBF1A68108700A75B9A /* Images.xcassets in Resources */,
				13B07FBD1A68108700A75B9A /* LaunchScreen.xib in Resources */,
				170EF9E626038E1C00D5F244 /* GoogleService-Info.plist in Resources */,
				029F9497F4F14B8B91F1A33C /* categories@1x.png in Resources */,
				26A7C126176141F18E2B1221 /* categories@2x.png in Resources */,
				C325D740D77D4DC2A0315BD8 /* categories@3x.png in Resources */,
				1E6FD96C65B74914BFAF7858 /* collections@1x.png in Resources */,
				1FDCE84472E14C20BBDBE8CA /* collections@2x.png in Resources */,
				55FFD38C3FC3455AAD40ECF2 /* collections@3x.png in Resources */,
				F1335CC7984044C995FDB421 /* compose@1x.png in Resources */,
				26EB9CB30A1F43C2AE1DFE0D /* compose@2x.png in Resources */,
				F49C986F375C462FA80B5EA9 /* compose@3x.png in Resources */,
				CC1FCEC75A644BC5A78C272D /* default_user@1x.jpg in Resources */,
				84783614180341C09F80EAED /* filter@1x.png in Resources */,
				B97DD63633574C029D76D6A0 /* filter@2x.png in Resources */,
				580078D7924F4712886E76AB /* filter@3x.png in Resources */,
				B8B042DA6BE34F769ADFC34F /* filters@1x.png in Resources */,
				058CC25FB89A49B6907A318C /* filters@2x.png in Resources */,
				DE26F8229B7A4471A0486C99 /* filters@3x.png in Resources */,
				EAFEF2E124E245A791625A22 /* heart-filled@1x.png in Resources */,
				73FB9A6393B94CB4BC1BEAAA /* heart-filled@2x.png in Resources */,
				E62F09C3AFFC4CDB9C7F7C7C /* heart-filled@3x.png in Resources */,
				DCA2D9C40A8A4903B678ABA6 /* heart@1x.png in Resources */,
				C0CABC3C460B47638FC1DFD8 /* heart@2x.png in Resources */,
				1B3FD6749EF0463AA455720C /* heart@3x.png in Resources */,
				77C15DBEDF6D440BAD5B6879 /* home@1x.png in Resources */,
				32807897882248009E519015 /* home@2x.png in Resources */,
				51421EA5095646EA9F382AEA /* home@3x.png in Resources */,
				136B173D09014922A501D551 /* list@1x.png in Resources */,
				46B1480D40D2424A9AD5FABA /* list@2x.png in Resources */,
				FFFB74C881DD4A24919D1B97 /* list@3x.png in Resources */,
				E447EB2670C947A0B06B2B17 /* map@1x.png in Resources */,
				54A7EA68522E414F84E59ADA /* map@2x.png in Resources */,
				3109105641304F2298EC7C20 /* map@3x.png in Resources */,
				2FD6432DE9824A02A5A18EA9 /* review@1x.png in Resources */,
				4DAEE3E2603D4FB3A5B9BD5A /* review@2x.png in Resources */,
				7A06F2A29D724F4898F949DB /* review@3x.png in Resources */,
				AFA76ECB4180454C871F6C19 /* search@1x.png in Resources */,
				FBC958F594A34CE5925ADD22 /* search@2x.png in Resources */,
				83A82F3F71554AFBAC18E1B4 /* search@3x.png in Resources */,
				232975B89046469287F97291 /* shutdown@1x.png in Resources */,
				89A4BB0F952D4814A04527DC /* star_filled@1x.png in Resources */,
				9B712D3EBD99489FB584CD70 /* star_filled@2x.png in Resources */,
				4D08C5E578714428914B6EDC /* star_filled@3x.png in Resources */,
				D11AC925D46B4EEEAA32A450 /* star_nofilled@1x.png in Resources */,
				397310574B4F4010A2E6AEA5 /* star_nofilled@2x.png in Resources */,
				7EFEA041E03D417083365353 /* star_nofilled@3x.png in Resources */,
				FB8A5A46EDF2449289C296B8 /* Noto Sans Bold.ttf in Resources */,
				CD59AACF83E94F1492163EEF /* Noto Sans.ttf in Resources */,
				7292D56EF2844C0D84F38D29 /* PROMPT-BLACK.TTF in Resources */,
				55FCE299A16E48ECBCDD8A44 /* PROMPT-BLACKITALIC.TTF in Resources */,
				4398A063FC224AF0A66B29BA /* PROMPT-BOLD.TTF in Resources */,
				E76BD18D848C4EF188E28684 /* PROMPT-EXTRABOLD.TTF in Resources */,
				40C685D1C9264D4B8E658C66 /* PROMPT-EXTRALIGHT.TTF in Resources */,
				35FA8F1F18284D0CA4556D10 /* PROMPT-ITALIC.TTF in Resources */,
				B2A6A0BF5DC344C3BB5D9756 /* PROMPT-LIGHTITALIC.TTF in Resources */,
				F4C261A61F3D4B958C9013F2 /* PROMPT-MEDIUM.TTF in Resources */,
				0E997594BAF240508B2DA89E /* PROMPT-REGULAR.TTF in Resources */,
				B01AE62CADE044118219182E /* PROMPT-SEMIBOLD.TTF in Resources */,
				5F693722E83B4887AF7BA47D /* PROMPT-THIN.TTF in Resources */,
				806C046B848441848F4AE940 /* AntDesign.ttf in Resources */,
				474394EF420A48AD9B978052 /* Entypo.ttf in Resources */,
				E1CE7D1FAAA24BE387228723 /* EvilIcons.ttf in Resources */,
				C2824A0B37F2424BA4C1F15B /* Feather.ttf in Resources */,
				E35841EDD8A9461C84D7DE64 /* FontAwesome.ttf in Resources */,
				5C013501EF1646E48898EB96 /* FontAwesome5_Brands.ttf in Resources */,
				1EAF17DFA0B5452AB7E30BD8 /* FontAwesome5_Regular.ttf in Resources */,
				EDA62B2964844E8B90D3EE4D /* FontAwesome5_Solid.ttf in Resources */,
				5E73DF42DCE04080965E543B /* Fontisto.ttf in Resources */,
				8E118F26F6024386ACFBC0C4 /* Foundation.ttf in Resources */,
				6622733BF47044E6A496B545 /* Ionicons.ttf in Resources */,
				5FFCE44BDF1E41048CA70638 /* MaterialCommunityIcons.ttf in Resources */,
				D049E09E57CD4ACF80D3923E /* MaterialIcons.ttf in Resources */,
				68D4E4BE37DB4D8294FA37B9 /* Octicons.ttf in Resources */,
				22C3EEDDC1374BE09264B81E /* SimpleLineIcons.ttf in Resources */,
				8C8E985D7F0F49178CA1ABCE /* Zocial.ttf in Resources */,
			);
			runOnlyForDeploymentPostprocessing = 0;
		};
		2D02E4791E0B4A5D006451C7 /* Resources */ = {
			isa = PBXResourcesBuildPhase;
			buildActionMask = 2147483647;
			files = (
				2D02E4BD1E0B4A84006451C7 /* Images.xcassets in Resources */,
				170EF9E726038E1C00D5F244 /* GoogleService-Info.plist in Resources */,
			);
			runOnlyForDeploymentPostprocessing = 0;
		};
		2D02E48E1E0B4A5D006451C7 /* Resources */ = {
			isa = PBXResourcesBuildPhase;
			buildActionMask = 2147483647;
			files = (
			);
			runOnlyForDeploymentPostprocessing = 0;
		};
/* End PBXResourcesBuildPhase section */

/* Begin PBXShellScriptBuildPhase section */
		00DD1BFF1BD5951E006B06BC /* Bundle React Native code and images */ = {
			isa = PBXShellScriptBuildPhase;
			buildActionMask = 2147483647;
			files = (
			);
			inputPaths = (
			);
			name = "Bundle React Native code and images";
			outputPaths = (
			);
			runOnlyForDeploymentPostprocessing = 0;
			shellPath = /bin/sh;
			shellScript = "export NODE_BINARY=node\n../node_modules/react-native/scripts/react-native-xcode.sh";
		};
		091014991E3E60BCF9F20C38 /* [CP] Check Pods Manifest.lock */ = {
			isa = PBXShellScriptBuildPhase;
			buildActionMask = 2147483647;
			files = (
			);
			inputFileListPaths = (
			);
			inputPaths = (
				"${PODS_PODFILE_DIR_PATH}/Podfile.lock",
				"${PODS_ROOT}/Manifest.lock",
			);
			name = "[CP] Check Pods Manifest.lock";
			outputFileListPaths = (
			);
			outputPaths = (
				"$(DERIVED_FILE_DIR)/Pods-rn_starter_kit-tvOSTests-checkManifestLockResult.txt",
			);
			runOnlyForDeploymentPostprocessing = 0;
			shellPath = /bin/sh;
			shellScript = "diff \"${PODS_PODFILE_DIR_PATH}/Podfile.lock\" \"${PODS_ROOT}/Manifest.lock\" > /dev/null\nif [ $? != 0 ] ; then\n    # print error to STDERR\n    echo \"error: The sandbox is not in sync with the Podfile.lock. Run 'pod install' or update your CocoaPods installation.\" >&2\n    exit 1\nfi\n# This output is used by Xcode 'outputs' to avoid re-running this script phase.\necho \"SUCCESS\" > \"${SCRIPT_OUTPUT_FILE_0}\"\n";
			showEnvVarsInLog = 0;
		};
		0ACE866D9D4A56271F3E2B05 /* [CP] Check Pods Manifest.lock */ = {
			isa = PBXShellScriptBuildPhase;
			buildActionMask = 2147483647;
			files = (
			);
			inputFileListPaths = (
			);
			inputPaths = (
				"${PODS_PODFILE_DIR_PATH}/Podfile.lock",
				"${PODS_ROOT}/Manifest.lock",
			);
			name = "[CP] Check Pods Manifest.lock";
			outputFileListPaths = (
			);
			outputPaths = (
				"$(DERIVED_FILE_DIR)/Pods-rn_starter_kit-rn_starter_kitTests-checkManifestLockResult.txt",
			);
			runOnlyForDeploymentPostprocessing = 0;
			shellPath = /bin/sh;
			shellScript = "diff \"${PODS_PODFILE_DIR_PATH}/Podfile.lock\" \"${PODS_ROOT}/Manifest.lock\" > /dev/null\nif [ $? != 0 ] ; then\n    # print error to STDERR\n    echo \"error: The sandbox is not in sync with the Podfile.lock. Run 'pod install' or update your CocoaPods installation.\" >&2\n    exit 1\nfi\n# This output is used by Xcode 'outputs' to avoid re-running this script phase.\necho \"SUCCESS\" > \"${SCRIPT_OUTPUT_FILE_0}\"\n";
			showEnvVarsInLog = 0;
		};
		2D02E4CB1E0B4B27006451C7 /* Bundle React Native Code And Images */ = {
			isa = PBXShellScriptBuildPhase;
			buildActionMask = 2147483647;
			files = (
			);
			inputPaths = (
			);
			name = "Bundle React Native Code And Images";
			outputPaths = (
			);
			runOnlyForDeploymentPostprocessing = 0;
			shellPath = /bin/sh;
			shellScript = "export NODE_BINARY=node\n../node_modules/react-native/scripts/react-native-xcode.sh";
		};
		30B6E2A6162A2325C20A281C /* [CP] Check Pods Manifest.lock */ = {
			isa = PBXShellScriptBuildPhase;
			buildActionMask = 2147483647;
			files = (
			);
			inputFileListPaths = (
			);
			inputPaths = (
				"${PODS_PODFILE_DIR_PATH}/Podfile.lock",
				"${PODS_ROOT}/Manifest.lock",
			);
			name = "[CP] Check Pods Manifest.lock";
			outputFileListPaths = (
			);
			outputPaths = (
				"$(DERIVED_FILE_DIR)/Pods-rn_starter_kit-checkManifestLockResult.txt",
			);
			runOnlyForDeploymentPostprocessing = 0;
			shellPath = /bin/sh;
			shellScript = "diff \"${PODS_PODFILE_DIR_PATH}/Podfile.lock\" \"${PODS_ROOT}/Manifest.lock\" > /dev/null\nif [ $? != 0 ] ; then\n    # print error to STDERR\n    echo \"error: The sandbox is not in sync with the Podfile.lock. Run 'pod install' or update your CocoaPods installation.\" >&2\n    exit 1\nfi\n# This output is used by Xcode 'outputs' to avoid re-running this script phase.\necho \"SUCCESS\" > \"${SCRIPT_OUTPUT_FILE_0}\"\n";
			showEnvVarsInLog = 0;
		};
		534CA8AE0D369DDC9CCEEAA1 /* [CP] Copy Pods Resources */ = {
			isa = PBXShellScriptBuildPhase;
			buildActionMask = 2147483647;
			files = (
			);
			inputPaths = (
				"${PODS_ROOT}/Target Support Files/Pods-rn_starter_kit-rn_starter_kitTests/Pods-rn_starter_kit-rn_starter_kitTests-resources.sh",
				"${PODS_ROOT}/FBSDKCoreKit/FacebookSDKStrings.bundle",
				"${PODS_ROOT}/GoogleSignIn/Resources/GoogleSignIn.bundle",
				"${PODS_ROOT}/../../node_modules/react-native-vector-icons/Fonts/AntDesign.ttf",
				"${PODS_ROOT}/../../node_modules/react-native-vector-icons/Fonts/Entypo.ttf",
				"${PODS_ROOT}/../../node_modules/react-native-vector-icons/Fonts/EvilIcons.ttf",
				"${PODS_ROOT}/../../node_modules/react-native-vector-icons/Fonts/Feather.ttf",
				"${PODS_ROOT}/../../node_modules/react-native-vector-icons/Fonts/FontAwesome.ttf",
				"${PODS_ROOT}/../../node_modules/react-native-vector-icons/Fonts/FontAwesome5_Brands.ttf",
				"${PODS_ROOT}/../../node_modules/react-native-vector-icons/Fonts/FontAwesome5_Regular.ttf",
				"${PODS_ROOT}/../../node_modules/react-native-vector-icons/Fonts/FontAwesome5_Solid.ttf",
				"${PODS_ROOT}/../../node_modules/react-native-vector-icons/Fonts/Fontisto.ttf",
				"${PODS_ROOT}/../../node_modules/react-native-vector-icons/Fonts/Foundation.ttf",
				"${PODS_ROOT}/../../node_modules/react-native-vector-icons/Fonts/Ionicons.ttf",
				"${PODS_ROOT}/../../node_modules/react-native-vector-icons/Fonts/MaterialCommunityIcons.ttf",
				"${PODS_ROOT}/../../node_modules/react-native-vector-icons/Fonts/MaterialIcons.ttf",
				"${PODS_ROOT}/../../node_modules/react-native-vector-icons/Fonts/Octicons.ttf",
				"${PODS_ROOT}/../../node_modules/react-native-vector-icons/Fonts/SimpleLineIcons.ttf",
				"${PODS_ROOT}/../../node_modules/react-native-vector-icons/Fonts/Zocial.ttf",
				"${PODS_CONFIGURATION_BUILD_DIR}/React-Core/AccessibilityResources.bundle",
				"${PODS_CONFIGURATION_BUILD_DIR}/gRPC-C++/gRPCCertificates-Cpp.bundle",
			);
			name = "[CP] Copy Pods Resources";
			outputPaths = (
				"${TARGET_BUILD_DIR}/${UNLOCALIZED_RESOURCES_FOLDER_PATH}/FacebookSDKStrings.bundle",
				"${TARGET_BUILD_DIR}/${UNLOCALIZED_RESOURCES_FOLDER_PATH}/GoogleSignIn.bundle",
				"${TARGET_BUILD_DIR}/${UNLOCALIZED_RESOURCES_FOLDER_PATH}/AntDesign.ttf",
				"${TARGET_BUILD_DIR}/${UNLOCALIZED_RESOURCES_FOLDER_PATH}/Entypo.ttf",
				"${TARGET_BUILD_DIR}/${UNLOCALIZED_RESOURCES_FOLDER_PATH}/EvilIcons.ttf",
				"${TARGET_BUILD_DIR}/${UNLOCALIZED_RESOURCES_FOLDER_PATH}/Feather.ttf",
				"${TARGET_BUILD_DIR}/${UNLOCALIZED_RESOURCES_FOLDER_PATH}/FontAwesome.ttf",
				"${TARGET_BUILD_DIR}/${UNLOCALIZED_RESOURCES_FOLDER_PATH}/FontAwesome5_Brands.ttf",
				"${TARGET_BUILD_DIR}/${UNLOCALIZED_RESOURCES_FOLDER_PATH}/FontAwesome5_Regular.ttf",
				"${TARGET_BUILD_DIR}/${UNLOCALIZED_RESOURCES_FOLDER_PATH}/FontAwesome5_Solid.ttf",
				"${TARGET_BUILD_DIR}/${UNLOCALIZED_RESOURCES_FOLDER_PATH}/Fontisto.ttf",
				"${TARGET_BUILD_DIR}/${UNLOCALIZED_RESOURCES_FOLDER_PATH}/Foundation.ttf",
				"${TARGET_BUILD_DIR}/${UNLOCALIZED_RESOURCES_FOLDER_PATH}/Ionicons.ttf",
				"${TARGET_BUILD_DIR}/${UNLOCALIZED_RESOURCES_FOLDER_PATH}/MaterialCommunityIcons.ttf",
				"${TARGET_BUILD_DIR}/${UNLOCALIZED_RESOURCES_FOLDER_PATH}/MaterialIcons.ttf",
				"${TARGET_BUILD_DIR}/${UNLOCALIZED_RESOURCES_FOLDER_PATH}/Octicons.ttf",
				"${TARGET_BUILD_DIR}/${UNLOCALIZED_RESOURCES_FOLDER_PATH}/SimpleLineIcons.ttf",
				"${TARGET_BUILD_DIR}/${UNLOCALIZED_RESOURCES_FOLDER_PATH}/Zocial.ttf",
				"${TARGET_BUILD_DIR}/${UNLOCALIZED_RESOURCES_FOLDER_PATH}/AccessibilityResources.bundle",
				"${TARGET_BUILD_DIR}/${UNLOCALIZED_RESOURCES_FOLDER_PATH}/gRPCCertificates-Cpp.bundle",
			);
			runOnlyForDeploymentPostprocessing = 0;
			shellPath = /bin/sh;
			shellScript = "\"${PODS_ROOT}/Target Support Files/Pods-rn_starter_kit-rn_starter_kitTests/Pods-rn_starter_kit-rn_starter_kitTests-resources.sh\"\n";
			showEnvVarsInLog = 0;
		};
		78798A84CA05C8E65C9D6174 /* [CP] Copy Pods Resources */ = {
			isa = PBXShellScriptBuildPhase;
			buildActionMask = 2147483647;
			files = (
			);
			inputPaths = (
				"${PODS_ROOT}/Target Support Files/Pods-rn_starter_kit/Pods-rn_starter_kit-resources.sh",
				"${PODS_ROOT}/FBSDKCoreKit/FacebookSDKStrings.bundle",
				"${PODS_ROOT}/GoogleSignIn/Resources/GoogleSignIn.bundle",
				"${PODS_ROOT}/../../node_modules/react-native-vector-icons/Fonts/AntDesign.ttf",
				"${PODS_ROOT}/../../node_modules/react-native-vector-icons/Fonts/Entypo.ttf",
				"${PODS_ROOT}/../../node_modules/react-native-vector-icons/Fonts/EvilIcons.ttf",
				"${PODS_ROOT}/../../node_modules/react-native-vector-icons/Fonts/Feather.ttf",
				"${PODS_ROOT}/../../node_modules/react-native-vector-icons/Fonts/FontAwesome.ttf",
				"${PODS_ROOT}/../../node_modules/react-native-vector-icons/Fonts/FontAwesome5_Brands.ttf",
				"${PODS_ROOT}/../../node_modules/react-native-vector-icons/Fonts/FontAwesome5_Regular.ttf",
				"${PODS_ROOT}/../../node_modules/react-native-vector-icons/Fonts/FontAwesome5_Solid.ttf",
				"${PODS_ROOT}/../../node_modules/react-native-vector-icons/Fonts/Fontisto.ttf",
				"${PODS_ROOT}/../../node_modules/react-native-vector-icons/Fonts/Foundation.ttf",
				"${PODS_ROOT}/../../node_modules/react-native-vector-icons/Fonts/Ionicons.ttf",
				"${PODS_ROOT}/../../node_modules/react-native-vector-icons/Fonts/MaterialCommunityIcons.ttf",
				"${PODS_ROOT}/../../node_modules/react-native-vector-icons/Fonts/MaterialIcons.ttf",
				"${PODS_ROOT}/../../node_modules/react-native-vector-icons/Fonts/Octicons.ttf",
				"${PODS_ROOT}/../../node_modules/react-native-vector-icons/Fonts/SimpleLineIcons.ttf",
				"${PODS_ROOT}/../../node_modules/react-native-vector-icons/Fonts/Zocial.ttf",
				"${PODS_CONFIGURATION_BUILD_DIR}/React-Core/AccessibilityResources.bundle",
				"${PODS_CONFIGURATION_BUILD_DIR}/gRPC-C++/gRPCCertificates-Cpp.bundle",
			);
			name = "[CP] Copy Pods Resources";
			outputPaths = (
				"${TARGET_BUILD_DIR}/${UNLOCALIZED_RESOURCES_FOLDER_PATH}/FacebookSDKStrings.bundle",
				"${TARGET_BUILD_DIR}/${UNLOCALIZED_RESOURCES_FOLDER_PATH}/GoogleSignIn.bundle",
				"${TARGET_BUILD_DIR}/${UNLOCALIZED_RESOURCES_FOLDER_PATH}/AntDesign.ttf",
				"${TARGET_BUILD_DIR}/${UNLOCALIZED_RESOURCES_FOLDER_PATH}/Entypo.ttf",
				"${TARGET_BUILD_DIR}/${UNLOCALIZED_RESOURCES_FOLDER_PATH}/EvilIcons.ttf",
				"${TARGET_BUILD_DIR}/${UNLOCALIZED_RESOURCES_FOLDER_PATH}/Feather.ttf",
				"${TARGET_BUILD_DIR}/${UNLOCALIZED_RESOURCES_FOLDER_PATH}/FontAwesome.ttf",
				"${TARGET_BUILD_DIR}/${UNLOCALIZED_RESOURCES_FOLDER_PATH}/FontAwesome5_Brands.ttf",
				"${TARGET_BUILD_DIR}/${UNLOCALIZED_RESOURCES_FOLDER_PATH}/FontAwesome5_Regular.ttf",
				"${TARGET_BUILD_DIR}/${UNLOCALIZED_RESOURCES_FOLDER_PATH}/FontAwesome5_Solid.ttf",
				"${TARGET_BUILD_DIR}/${UNLOCALIZED_RESOURCES_FOLDER_PATH}/Fontisto.ttf",
				"${TARGET_BUILD_DIR}/${UNLOCALIZED_RESOURCES_FOLDER_PATH}/Foundation.ttf",
				"${TARGET_BUILD_DIR}/${UNLOCALIZED_RESOURCES_FOLDER_PATH}/Ionicons.ttf",
				"${TARGET_BUILD_DIR}/${UNLOCALIZED_RESOURCES_FOLDER_PATH}/MaterialCommunityIcons.ttf",
				"${TARGET_BUILD_DIR}/${UNLOCALIZED_RESOURCES_FOLDER_PATH}/MaterialIcons.ttf",
				"${TARGET_BUILD_DIR}/${UNLOCALIZED_RESOURCES_FOLDER_PATH}/Octicons.ttf",
				"${TARGET_BUILD_DIR}/${UNLOCALIZED_RESOURCES_FOLDER_PATH}/SimpleLineIcons.ttf",
				"${TARGET_BUILD_DIR}/${UNLOCALIZED_RESOURCES_FOLDER_PATH}/Zocial.ttf",
				"${TARGET_BUILD_DIR}/${UNLOCALIZED_RESOURCES_FOLDER_PATH}/AccessibilityResources.bundle",
				"${TARGET_BUILD_DIR}/${UNLOCALIZED_RESOURCES_FOLDER_PATH}/gRPCCertificates-Cpp.bundle",
			);
			runOnlyForDeploymentPostprocessing = 0;
			shellPath = /bin/sh;
			shellScript = "\"${PODS_ROOT}/Target Support Files/Pods-rn_starter_kit/Pods-rn_starter_kit-resources.sh\"\n";
			showEnvVarsInLog = 0;
		};
		BE300587E0DA1339E5A9B6FA /* [CP-User] [RNFB] Core Configuration */ = {
			isa = PBXShellScriptBuildPhase;
			buildActionMask = 2147483647;
			files = (
			);
			name = "[CP-User] [RNFB] Core Configuration";
			runOnlyForDeploymentPostprocessing = 0;
			shellPath = /bin/sh;
			shellScript = "#!/usr/bin/env bash\n#\n# Copyright (c) 2016-present Invertase Limited & Contributors\n#\n# Licensed under the Apache License, Version 2.0 (the \"License\");\n# you may not use this library except in compliance with the License.\n# You may obtain a copy of the License at\n#\n#   http://www.apache.org/licenses/LICENSE-2.0\n#\n# Unless required by applicable law or agreed to in writing, software\n# distributed under the License is distributed on an \"AS IS\" BASIS,\n# WITHOUT WARRANTIES OR CONDITIONS OF ANY KIND, either express or implied.\n# See the License for the specific language governing permissions and\n# limitations under the License.\n#\nset -e\n\n_MAX_LOOKUPS=2;\n_SEARCH_RESULT=''\n_RN_ROOT_EXISTS=''\n_CURRENT_LOOKUPS=1\n_JSON_ROOT=\"'react-native'\"\n_JSON_FILE_NAME='firebase.json'\n_JSON_OUTPUT_BASE64='e30=' # { }\n_CURRENT_SEARCH_DIR=${PROJECT_DIR}\n_PLIST_BUDDY=/usr/libexec/PlistBuddy\n_TARGET_PLIST=\"${BUILT_PRODUCTS_DIR}/${INFOPLIST_PATH}\"\n_DSYM_PLIST=\"${DWARF_DSYM_FOLDER_PATH}/${DWARF_DSYM_FILE_NAME}/Contents/Info.plist\"\n\n# plist arrays\n_PLIST_ENTRY_KEYS=()\n_PLIST_ENTRY_TYPES=()\n_PLIST_ENTRY_VALUES=()\n\nfunction setPlistValue {\n  echo \"info:      setting plist entry '$1' of type '$2' in file '$4'\"\n  ${_PLIST_BUDDY} -c \"Add :$1 $2 '$3'\" $4 || echo \"info:      '$1' already exists\"\n}\n\nfunction getFirebaseJsonKeyValue () {\n  if [[ ${_RN_ROOT_EXISTS} ]]; then\n    ruby -e \"require 'rubygems';require 'json'; output=JSON.parse('$1'); puts output[$_JSON_ROOT]['$2']\"\n  else\n    echo \"\"\n  fi;\n}\n\nfunction jsonBoolToYesNo () {\n  if [[ $1 == \"false\" ]]; then\n    echo \"NO\"\n  elif [[ $1 == \"true\" ]]; then\n    echo \"YES\"\n  else echo \"NO\"\n  fi\n}\n\necho \"info: -> RNFB build script started\"\necho \"info: 1) Locating ${_JSON_FILE_NAME} file:\"\n\nif [[ -z ${_CURRENT_SEARCH_DIR} ]]; then\n  _CURRENT_SEARCH_DIR=$(pwd)\nfi;\n\nwhile true; do\n  _CURRENT_SEARCH_DIR=$(dirname \"$_CURRENT_SEARCH_DIR\")\n  if [[ \"$_CURRENT_SEARCH_DIR\" == \"/\" ]] || [[ ${_CURRENT_LOOKUPS} -gt ${_MAX_LOOKUPS} ]]; then break; fi;\n  echo \"info:      ($_CURRENT_LOOKUPS of $_MAX_LOOKUPS) Searching in '$_CURRENT_SEARCH_DIR' for a ${_JSON_FILE_NAME} file.\"\n  _SEARCH_RESULT=$(find \"$_CURRENT_SEARCH_DIR\" -maxdepth 2 -name ${_JSON_FILE_NAME} -print | head -n 1)\n  if [[ ${_SEARCH_RESULT} ]]; then\n    echo \"info:      ${_JSON_FILE_NAME} found at $_SEARCH_RESULT\"\n    break;\n  fi;\n  _CURRENT_LOOKUPS=$((_CURRENT_LOOKUPS+1))\ndone\n\nif [[ ${_SEARCH_RESULT} ]]; then\n  _JSON_OUTPUT_RAW=$(cat \"${_SEARCH_RESULT}\")\n  _RN_ROOT_EXISTS=$(ruby -e \"require 'rubygems';require 'json'; output=JSON.parse('$_JSON_OUTPUT_RAW'); puts output[$_JSON_ROOT]\" || echo '')\n\n  if [[ ${_RN_ROOT_EXISTS} ]]; then\n    _JSON_OUTPUT_BASE64=$(python -c 'import json,sys,base64;print(base64.b64encode(json.dumps(json.loads(open('\"'${_SEARCH_RESULT}'\"').read())['${_JSON_ROOT}'])))' || echo \"e30=\")\n  fi\n\n  _PLIST_ENTRY_KEYS+=(\"firebase_json_raw\")\n  _PLIST_ENTRY_TYPES+=(\"string\")\n  _PLIST_ENTRY_VALUES+=(\"$_JSON_OUTPUT_BASE64\")\n\n  # config.analytics_auto_collection_enabled\n  _ANALYTICS_AUTO_COLLECTION=$(getFirebaseJsonKeyValue \"$_JSON_OUTPUT_RAW\" \"analytics_auto_collection_enabled\")\n  if [[ $_ANALYTICS_AUTO_COLLECTION ]]; then\n    _PLIST_ENTRY_KEYS+=(\"FIREBASE_ANALYTICS_COLLECTION_ENABLED\")\n    _PLIST_ENTRY_TYPES+=(\"bool\")\n    _PLIST_ENTRY_VALUES+=(\"$(jsonBoolToYesNo \"$_ANALYTICS_AUTO_COLLECTION\")\")\n  fi\n\n  # config.perf_auto_collection_enabled\n  _PERF_AUTO_COLLECTION=$(getFirebaseJsonKeyValue \"$_JSON_OUTPUT_RAW\" \"perf_auto_collection_enabled\")\n  if [[ $_PERF_AUTO_COLLECTION ]]; then\n    _PLIST_ENTRY_KEYS+=(\"firebase_performance_collection_enabled\")\n    _PLIST_ENTRY_TYPES+=(\"bool\")\n    _PLIST_ENTRY_VALUES+=(\"$(jsonBoolToYesNo \"$_PERF_AUTO_COLLECTION\")\")\n  fi\n\n  # config.messaging_auto_init_enabled\n  _MESSAGING_AUTO_INIT=$(getFirebaseJsonKeyValue \"$_JSON_OUTPUT_RAW\" \"messaging_auto_init_enabled\")\n  if [[ $_MESSAGING_AUTO_INIT ]]; then\n    _PLIST_ENTRY_KEYS+=(\"FirebaseMessagingAutoInitEnabled\")\n    _PLIST_ENTRY_TYPES+=(\"bool\")\n    _PLIST_ENTRY_VALUES+=(\"$(jsonBoolToYesNo \"$_MESSAGING_AUTO_INIT\")\")\n  fi\n\n  # config.crashlytics_disable_auto_disabler - undocumented for now - mainly for debugging, document if becomes useful\n  _CRASHLYTICS_AUTO_DISABLE_ENABLED=$(getFirebaseJsonKeyValue \"$_JSON_OUTPUT_RAW\" \"crashlytics_disable_auto_disabler\")\n  if [[ $_CRASHLYTICS_AUTO_DISABLE_ENABLED == \"true\" ]]; then\n    echo \"Disabled Crashlytics auto disabler.\" # do nothing\n  else\n    _PLIST_ENTRY_KEYS+=(\"FirebaseCrashlyticsCollectionEnabled\")\n    _PLIST_ENTRY_TYPES+=(\"bool\")\n    _PLIST_ENTRY_VALUES+=(\"NO\")\n  fi\n\n  # config.admob_delay_app_measurement_init\n  _ADMOB_DELAY_APP_MEASUREMENT=$(getFirebaseJsonKeyValue \"$_JSON_OUTPUT_RAW\" \"admob_delay_app_measurement_init\")\n  if [[ $_ADMOB_DELAY_APP_MEASUREMENT == \"true\" ]]; then\n    _PLIST_ENTRY_KEYS+=(\"GADDelayAppMeasurementInit\")\n    _PLIST_ENTRY_TYPES+=(\"bool\")\n    _PLIST_ENTRY_VALUES+=(\"YES\")\n  fi\n\n  # config.admob_ios_app_id\n  _ADMOB_IOS_APP_ID=$(getFirebaseJsonKeyValue \"$_JSON_OUTPUT_RAW\" \"admob_ios_app_id\")\n  if [[ $_ADMOB_IOS_APP_ID ]]; then\n    _PLIST_ENTRY_KEYS+=(\"GADApplicationIdentifier\")\n    _PLIST_ENTRY_TYPES+=(\"string\")\n    _PLIST_ENTRY_VALUES+=(\"$_ADMOB_IOS_APP_ID\")\n  fi\nelse\n  _PLIST_ENTRY_KEYS+=(\"firebase_json_raw\")\n  _PLIST_ENTRY_TYPES+=(\"string\")\n  _PLIST_ENTRY_VALUES+=(\"$_JSON_OUTPUT_BASE64\")\n  echo \"warning:   A firebase.json file was not found, whilst this file is optional it is recommended to include it to configure firebase services in React Native Firebase.\"\nfi;\n\necho \"info: 2) Injecting Info.plist entries: \"\n\n# Log out the keys we're adding\nfor i in \"${!_PLIST_ENTRY_KEYS[@]}\"; do\n  echo \"    ->  $i) ${_PLIST_ENTRY_KEYS[$i]}\" \"${_PLIST_ENTRY_TYPES[$i]}\" \"${_PLIST_ENTRY_VALUES[$i]}\"\ndone\n\nfor plist in \"${_TARGET_PLIST}\" \"${_DSYM_PLIST}\" ; do\n  if [[ -f \"${plist}\" ]]; then\n\n    # paths with spaces break the call to setPlistValue. temporarily modify\n    # the shell internal field separator variable (IFS), which normally\n    # includes spaces, to consist only of line breaks\n    oldifs=$IFS\n    IFS=\"\n\"\n\n    for i in \"${!_PLIST_ENTRY_KEYS[@]}\"; do\n      setPlistValue \"${_PLIST_ENTRY_KEYS[$i]}\" \"${_PLIST_ENTRY_TYPES[$i]}\" \"${_PLIST_ENTRY_VALUES[$i]}\" \"${plist}\"\n    done\n\n    # restore the original internal field separator value\n    IFS=$oldifs\n  else\n    echo \"warning:   A Info.plist build output file was not found (${plist})\"\n  fi\ndone\n\necho \"info: <- RNFB build script finished\"\n";
		};
		FD10A7F022414F080027D42C /* Start Packager */ = {
			isa = PBXShellScriptBuildPhase;
			buildActionMask = 2147483647;
			files = (
			);
			inputFileListPaths = (
			);
			inputPaths = (
			);
			name = "Start Packager";
			outputFileListPaths = (
			);
			outputPaths = (
			);
			runOnlyForDeploymentPostprocessing = 0;
			shellPath = /bin/sh;
			shellScript = "export RCT_METRO_PORT=\"${RCT_METRO_PORT:=8081}\"\necho \"export RCT_METRO_PORT=${RCT_METRO_PORT}\" > \"${SRCROOT}/../node_modules/react-native/scripts/.packager.env\"\nif [ -z \"${RCT_NO_LAUNCH_PACKAGER+xxx}\" ] ; then\n  if nc -w 5 -z localhost ${RCT_METRO_PORT} ; then\n    if ! curl -s \"http://localhost:${RCT_METRO_PORT}/status\" | grep -q \"packager-status:running\" ; then\n      echo \"Port ${RCT_METRO_PORT} already in use, packager is either not running or not running correctly\"\n      exit 2\n    fi\n  else\n    open \"$SRCROOT/../node_modules/react-native/scripts/launchPackager.command\" || echo \"Can't start packager automatically\"\n  fi\nfi\n";
			showEnvVarsInLog = 0;
		};
		FD10A7F122414F3F0027D42C /* Start Packager */ = {
			isa = PBXShellScriptBuildPhase;
			buildActionMask = 2147483647;
			files = (
			);
			inputFileListPaths = (
			);
			inputPaths = (
			);
			name = "Start Packager";
			outputFileListPaths = (
			);
			outputPaths = (
			);
			runOnlyForDeploymentPostprocessing = 0;
			shellPath = /bin/sh;
			shellScript = "export RCT_METRO_PORT=\"${RCT_METRO_PORT:=8081}\"\necho \"export RCT_METRO_PORT=${RCT_METRO_PORT}\" > \"${SRCROOT}/../node_modules/react-native/scripts/.packager.env\"\nif [ -z \"${RCT_NO_LAUNCH_PACKAGER+xxx}\" ] ; then\n  if nc -w 5 -z localhost ${RCT_METRO_PORT} ; then\n    if ! curl -s \"http://localhost:${RCT_METRO_PORT}/status\" | grep -q \"packager-status:running\" ; then\n      echo \"Port ${RCT_METRO_PORT} already in use, packager is either not running or not running correctly\"\n      exit 2\n    fi\n  else\n    open \"$SRCROOT/../node_modules/react-native/scripts/launchPackager.command\" || echo \"Can't start packager automatically\"\n  fi\nfi\n";
			showEnvVarsInLog = 0;
		};
		FF63924A31D867B79C5B3CBB /* [CP] Check Pods Manifest.lock */ = {
			isa = PBXShellScriptBuildPhase;
			buildActionMask = 2147483647;
			files = (
			);
			inputFileListPaths = (
			);
			inputPaths = (
				"${PODS_PODFILE_DIR_PATH}/Podfile.lock",
				"${PODS_ROOT}/Manifest.lock",
			);
			name = "[CP] Check Pods Manifest.lock";
			outputFileListPaths = (
			);
			outputPaths = (
				"$(DERIVED_FILE_DIR)/Pods-rn_starter_kit-tvOS-checkManifestLockResult.txt",
			);
			runOnlyForDeploymentPostprocessing = 0;
			shellPath = /bin/sh;
			shellScript = "diff \"${PODS_PODFILE_DIR_PATH}/Podfile.lock\" \"${PODS_ROOT}/Manifest.lock\" > /dev/null\nif [ $? != 0 ] ; then\n    # print error to STDERR\n    echo \"error: The sandbox is not in sync with the Podfile.lock. Run 'pod install' or update your CocoaPods installation.\" >&2\n    exit 1\nfi\n# This output is used by Xcode 'outputs' to avoid re-running this script phase.\necho \"SUCCESS\" > \"${SCRIPT_OUTPUT_FILE_0}\"\n";
			showEnvVarsInLog = 0;
		};
/* End PBXShellScriptBuildPhase section */

/* Begin PBXSourcesBuildPhase section */
		00E356EA1AD99517003FC87E /* Sources */ = {
			isa = PBXSourcesBuildPhase;
			buildActionMask = 2147483647;
			files = (
				00E356F31AD99517003FC87E /* rn_starter_kitTests.m in Sources */,
			);
			runOnlyForDeploymentPostprocessing = 0;
		};
		13B07F871A680F5B00A75B9A /* Sources */ = {
			isa = PBXSourcesBuildPhase;
			buildActionMask = 2147483647;
			files = (
				13B07FBC1A68108700A75B9A /* AppDelegate.m in Sources */,
				13B07FC11A68108700A75B9A /* main.m in Sources */,
			);
			runOnlyForDeploymentPostprocessing = 0;
		};
		2D02E4771E0B4A5D006451C7 /* Sources */ = {
			isa = PBXSourcesBuildPhase;
			buildActionMask = 2147483647;
			files = (
				2D02E4BF1E0B4AB3006451C7 /* main.m in Sources */,
				2D02E4BC1E0B4A80006451C7 /* AppDelegate.m in Sources */,
			);
			runOnlyForDeploymentPostprocessing = 0;
		};
		2D02E48C1E0B4A5D006451C7 /* Sources */ = {
			isa = PBXSourcesBuildPhase;
			buildActionMask = 2147483647;
			files = (
				2DCD954D1E0B4F2C00145EB5 /* rn_starter_kitTests.m in Sources */,
			);
			runOnlyForDeploymentPostprocessing = 0;
		};
/* End PBXSourcesBuildPhase section */

/* Begin PBXTargetDependency section */
		00E356F51AD99517003FC87E /* PBXTargetDependency */ = {
			isa = PBXTargetDependency;
			target = 13B07F861A680F5B00A75B9A /* rn_starter_kit */;
			targetProxy = 00E356F41AD99517003FC87E /* PBXContainerItemProxy */;
		};
		2D02E4921E0B4A5D006451C7 /* PBXTargetDependency */ = {
			isa = PBXTargetDependency;
			target = 2D02E47A1E0B4A5D006451C7 /* rn_starter_kit-tvOS */;
			targetProxy = 2D02E4911E0B4A5D006451C7 /* PBXContainerItemProxy */;
		};
/* End PBXTargetDependency section */

/* Begin PBXVariantGroup section */
		13B07FB11A68108700A75B9A /* LaunchScreen.xib */ = {
			isa = PBXVariantGroup;
			children = (
				13B07FB21A68108700A75B9A /* Base */,
			);
			name = LaunchScreen.xib;
			path = rn_starter_kit;
			sourceTree = "<group>";
		};
/* End PBXVariantGroup section */

/* Begin XCBuildConfiguration section */
		00E356F61AD99517003FC87E /* Debug */ = {
			isa = XCBuildConfiguration;
			baseConfigurationReference = 7214903180FB6044223A27B8 /* Pods-rn_starter_kit-rn_starter_kitTests.debug.xcconfig */;
			buildSettings = {
				BUNDLE_LOADER = "$(TEST_HOST)";
				GCC_PREPROCESSOR_DEFINITIONS = (
					"DEBUG=1",
					"$(inherited)",
				);
				INFOPLIST_FILE = rn_starter_kitTests/Info.plist;
				IPHONEOS_DEPLOYMENT_TARGET = 9.0;
				LD_RUNPATH_SEARCH_PATHS = "$(inherited) @executable_path/Frameworks @loader_path/Frameworks";
				OTHER_LDFLAGS = (
					"-ObjC",
					"-lc++",
					"$(inherited)",
				);
				PRODUCT_BUNDLE_IDENTIFIER = "org.reactjs.native.example.$(PRODUCT_NAME:rfc1034identifier)";
				PRODUCT_NAME = "$(TARGET_NAME)";
				TEST_HOST = "$(BUILT_PRODUCTS_DIR)/rn_starter_kit.app/rn_starter_kit";
			};
			name = Debug;
		};
		00E356F71AD99517003FC87E /* Release */ = {
			isa = XCBuildConfiguration;
			baseConfigurationReference = 7343812BF67993E0BD209DA2 /* Pods-rn_starter_kit-rn_starter_kitTests.release.xcconfig */;
			buildSettings = {
				BUNDLE_LOADER = "$(TEST_HOST)";
				COPY_PHASE_STRIP = NO;
				INFOPLIST_FILE = rn_starter_kitTests/Info.plist;
				IPHONEOS_DEPLOYMENT_TARGET = 9.0;
				LD_RUNPATH_SEARCH_PATHS = "$(inherited) @executable_path/Frameworks @loader_path/Frameworks";
				OTHER_LDFLAGS = (
					"-ObjC",
					"-lc++",
					"$(inherited)",
				);
				PRODUCT_BUNDLE_IDENTIFIER = "org.reactjs.native.example.$(PRODUCT_NAME:rfc1034identifier)";
				PRODUCT_NAME = "$(TARGET_NAME)";
				TEST_HOST = "$(BUILT_PRODUCTS_DIR)/rn_starter_kit.app/rn_starter_kit";
			};
			name = Release;
		};
		13B07F941A680F5B00A75B9A /* Debug */ = {
			isa = XCBuildConfiguration;
			baseConfigurationReference = A3EC54A95C714D4D71B6799B /* Pods-rn_starter_kit.debug.xcconfig */;
			buildSettings = {
				ASSETCATALOG_COMPILER_APPICON_NAME = AppIcon;
				CLANG_ENABLE_MODULES = YES;
				CURRENT_PROJECT_VERSION = 1;
				ENABLE_BITCODE = NO;
				GCC_PREPROCESSOR_DEFINITIONS = (
					"$(inherited)",
					"FB_SONARKIT_ENABLED=1",
				);
				INFOPLIST_FILE = rn_starter_kit/Info.plist;
				LD_RUNPATH_SEARCH_PATHS = "$(inherited) @executable_path/Frameworks";
				OTHER_LDFLAGS = (
					"$(inherited)",
					"-ObjC",
					"-lc++",
				);
				PRODUCT_BUNDLE_IDENTIFIER = io.instamobile.starterkit.rn.ios;
				PRODUCT_NAME = rn_starter_kit;
				SWIFT_OPTIMIZATION_LEVEL = "-Onone";
				SWIFT_VERSION = 5.0;
				VERSIONING_SYSTEM = "apple-generic";
			};
			name = Debug;
		};
		13B07F951A680F5B00A75B9A /* Release */ = {
			isa = XCBuildConfiguration;
			baseConfigurationReference = 73C68A62DE1BE0F12AAD68CA /* Pods-rn_starter_kit.release.xcconfig */;
			buildSettings = {
				ASSETCATALOG_COMPILER_APPICON_NAME = AppIcon;
				CLANG_ENABLE_MODULES = YES;
				CURRENT_PROJECT_VERSION = 1;
				INFOPLIST_FILE = rn_starter_kit/Info.plist;
				LD_RUNPATH_SEARCH_PATHS = "$(inherited) @executable_path/Frameworks";
				OTHER_LDFLAGS = (
					"$(inherited)",
					"-ObjC",
					"-lc++",
				);
				PRODUCT_BUNDLE_IDENTIFIER = io.instamobile.starterkit.rn.ios;
				PRODUCT_NAME = rn_starter_kit;
				SWIFT_VERSION = 5.0;
				VERSIONING_SYSTEM = "apple-generic";
			};
			name = Release;
		};
		2D02E4971E0B4A5E006451C7 /* Debug */ = {
			isa = XCBuildConfiguration;
			baseConfigurationReference = 8FF6BC04A400CFA13326651B /* Pods-rn_starter_kit-tvOS.debug.xcconfig */;
			buildSettings = {
				ASSETCATALOG_COMPILER_APPICON_NAME = "App Icon & Top Shelf Image";
				ASSETCATALOG_COMPILER_LAUNCHIMAGE_NAME = LaunchImage;
				CLANG_ANALYZER_NONNULL = YES;
				CLANG_WARN_DOCUMENTATION_COMMENTS = YES;
				CLANG_WARN_INFINITE_RECURSION = YES;
				CLANG_WARN_SUSPICIOUS_MOVE = YES;
				DEBUG_INFORMATION_FORMAT = dwarf;
				ENABLE_TESTABILITY = YES;
				GCC_NO_COMMON_BLOCKS = YES;
				INFOPLIST_FILE = "rn_starter_kit-tvOS/Info.plist";
				LD_RUNPATH_SEARCH_PATHS = "$(inherited) @executable_path/Frameworks";
				OTHER_LDFLAGS = (
					"$(inherited)",
					"-ObjC",
					"-lc++",
				);
				PRODUCT_BUNDLE_IDENTIFIER = "org.reactjs.native.example.rn_starter_kit-tvOS";
				PRODUCT_NAME = "$(TARGET_NAME)";
				SDKROOT = appletvos;
				TARGETED_DEVICE_FAMILY = 3;
				TVOS_DEPLOYMENT_TARGET = 9.2;
			};
			name = Debug;
		};
		2D02E4981E0B4A5E006451C7 /* Release */ = {
			isa = XCBuildConfiguration;
			baseConfigurationReference = 309F68313865614C31FA9DC8 /* Pods-rn_starter_kit-tvOS.release.xcconfig */;
			buildSettings = {
				ASSETCATALOG_COMPILER_APPICON_NAME = "App Icon & Top Shelf Image";
				ASSETCATALOG_COMPILER_LAUNCHIMAGE_NAME = LaunchImage;
				CLANG_ANALYZER_NONNULL = YES;
				CLANG_WARN_DOCUMENTATION_COMMENTS = YES;
				CLANG_WARN_INFINITE_RECURSION = YES;
				CLANG_WARN_SUSPICIOUS_MOVE = YES;
				COPY_PHASE_STRIP = NO;
				DEBUG_INFORMATION_FORMAT = "dwarf-with-dsym";
				GCC_NO_COMMON_BLOCKS = YES;
				INFOPLIST_FILE = "rn_starter_kit-tvOS/Info.plist";
				LD_RUNPATH_SEARCH_PATHS = "$(inherited) @executable_path/Frameworks";
				OTHER_LDFLAGS = (
					"$(inherited)",
					"-ObjC",
					"-lc++",
				);
				PRODUCT_BUNDLE_IDENTIFIER = "org.reactjs.native.example.rn_starter_kit-tvOS";
				PRODUCT_NAME = "$(TARGET_NAME)";
				SDKROOT = appletvos;
				TARGETED_DEVICE_FAMILY = 3;
				TVOS_DEPLOYMENT_TARGET = 9.2;
			};
			name = Release;
		};
		2D02E4991E0B4A5E006451C7 /* Debug */ = {
			isa = XCBuildConfiguration;
			baseConfigurationReference = 8003D5BC11DA56E32E80E819 /* Pods-rn_starter_kit-tvOSTests.debug.xcconfig */;
			buildSettings = {
				BUNDLE_LOADER = "$(TEST_HOST)";
				CLANG_ANALYZER_NONNULL = YES;
				CLANG_WARN_DOCUMENTATION_COMMENTS = YES;
				CLANG_WARN_INFINITE_RECURSION = YES;
				CLANG_WARN_SUSPICIOUS_MOVE = YES;
				DEBUG_INFORMATION_FORMAT = dwarf;
				ENABLE_TESTABILITY = YES;
				GCC_NO_COMMON_BLOCKS = YES;
				INFOPLIST_FILE = "rn_starter_kit-tvOSTests/Info.plist";
				LD_RUNPATH_SEARCH_PATHS = "$(inherited) @executable_path/Frameworks @loader_path/Frameworks";
				OTHER_LDFLAGS = (
					"$(inherited)",
					"-ObjC",
					"-lc++",
				);
				PRODUCT_BUNDLE_IDENTIFIER = "org.reactjs.native.example.rn_starter_kit-tvOSTests";
				PRODUCT_NAME = "$(TARGET_NAME)";
				SDKROOT = appletvos;
				TEST_HOST = "$(BUILT_PRODUCTS_DIR)/rn_starter_kit-tvOS.app/rn_starter_kit-tvOS";
				TVOS_DEPLOYMENT_TARGET = 10.1;
			};
			name = Debug;
		};
		2D02E49A1E0B4A5E006451C7 /* Release */ = {
			isa = XCBuildConfiguration;
			baseConfigurationReference = B00E971559596CCD971BD5A6 /* Pods-rn_starter_kit-tvOSTests.release.xcconfig */;
			buildSettings = {
				BUNDLE_LOADER = "$(TEST_HOST)";
				CLANG_ANALYZER_NONNULL = YES;
				CLANG_WARN_DOCUMENTATION_COMMENTS = YES;
				CLANG_WARN_INFINITE_RECURSION = YES;
				CLANG_WARN_SUSPICIOUS_MOVE = YES;
				COPY_PHASE_STRIP = NO;
				DEBUG_INFORMATION_FORMAT = "dwarf-with-dsym";
				GCC_NO_COMMON_BLOCKS = YES;
				INFOPLIST_FILE = "rn_starter_kit-tvOSTests/Info.plist";
				LD_RUNPATH_SEARCH_PATHS = "$(inherited) @executable_path/Frameworks @loader_path/Frameworks";
				OTHER_LDFLAGS = (
					"$(inherited)",
					"-ObjC",
					"-lc++",
				);
				PRODUCT_BUNDLE_IDENTIFIER = "org.reactjs.native.example.rn_starter_kit-tvOSTests";
				PRODUCT_NAME = "$(TARGET_NAME)";
				SDKROOT = appletvos;
				TEST_HOST = "$(BUILT_PRODUCTS_DIR)/rn_starter_kit-tvOS.app/rn_starter_kit-tvOS";
				TVOS_DEPLOYMENT_TARGET = 10.1;
			};
			name = Release;
		};
		83CBBA201A601CBA00E9B192 /* Debug */ = {
			isa = XCBuildConfiguration;
			buildSettings = {
				ALWAYS_SEARCH_USER_PATHS = NO;
				CLANG_ANALYZER_LOCALIZABILITY_NONLOCALIZED = YES;
				CLANG_CXX_LANGUAGE_STANDARD = "gnu++0x";
				CLANG_CXX_LIBRARY = "libc++";
				CLANG_ENABLE_MODULES = YES;
				CLANG_ENABLE_OBJC_ARC = YES;
				CLANG_WARN_BLOCK_CAPTURE_AUTORELEASING = YES;
				CLANG_WARN_BOOL_CONVERSION = YES;
				CLANG_WARN_COMMA = YES;
				CLANG_WARN_CONSTANT_CONVERSION = YES;
				CLANG_WARN_DEPRECATED_OBJC_IMPLEMENTATIONS = YES;
				CLANG_WARN_DIRECT_OBJC_ISA_USAGE = YES_ERROR;
				CLANG_WARN_EMPTY_BODY = YES;
				CLANG_WARN_ENUM_CONVERSION = YES;
				CLANG_WARN_INFINITE_RECURSION = YES;
				CLANG_WARN_INT_CONVERSION = YES;
				CLANG_WARN_NON_LITERAL_NULL_CONVERSION = YES;
				CLANG_WARN_OBJC_IMPLICIT_RETAIN_SELF = YES;
				CLANG_WARN_OBJC_LITERAL_CONVERSION = YES;
				CLANG_WARN_OBJC_ROOT_CLASS = YES_ERROR;
				CLANG_WARN_RANGE_LOOP_ANALYSIS = YES;
				CLANG_WARN_STRICT_PROTOTYPES = YES;
				CLANG_WARN_SUSPICIOUS_MOVE = YES;
				CLANG_WARN_UNREACHABLE_CODE = YES;
				CLANG_WARN__DUPLICATE_METHOD_MATCH = YES;
				"CODE_SIGN_IDENTITY[sdk=iphoneos*]" = "iPhone Developer";
				COPY_PHASE_STRIP = NO;
				ENABLE_STRICT_OBJC_MSGSEND = YES;
				ENABLE_TESTABILITY = YES;
				GCC_C_LANGUAGE_STANDARD = gnu99;
				GCC_DYNAMIC_NO_PIC = NO;
				GCC_NO_COMMON_BLOCKS = YES;
				GCC_OPTIMIZATION_LEVEL = 0;
				GCC_PREPROCESSOR_DEFINITIONS = (
					"DEBUG=1",
					"$(inherited)",
				);
				GCC_SYMBOLS_PRIVATE_EXTERN = NO;
				GCC_WARN_64_TO_32_BIT_CONVERSION = YES;
				GCC_WARN_ABOUT_RETURN_TYPE = YES_ERROR;
				GCC_WARN_UNDECLARED_SELECTOR = YES;
				GCC_WARN_UNINITIALIZED_AUTOS = YES_AGGRESSIVE;
				GCC_WARN_UNUSED_FUNCTION = YES;
				GCC_WARN_UNUSED_VARIABLE = YES;
				IPHONEOS_DEPLOYMENT_TARGET = 9.0;
				LD_RUNPATH_SEARCH_PATHS = "/usr/lib/swift $(inherited)";
				LIBRARY_SEARCH_PATHS = (
					"\"$(TOOLCHAIN_DIR)/usr/lib/swift/$(PLATFORM_NAME)\"",
					"\"$(TOOLCHAIN_DIR)/usr/lib/swift-5.0/$(PLATFORM_NAME)\"",
					"\"$(inherited)\"",
				);
				MTL_ENABLE_DEBUG_INFO = YES;
				ONLY_ACTIVE_ARCH = YES;
				SDKROOT = iphoneos;
			};
			name = Debug;
		};
		83CBBA211A601CBA00E9B192 /* Release */ = {
			isa = XCBuildConfiguration;
			buildSettings = {
				ALWAYS_SEARCH_USER_PATHS = NO;
				CLANG_ANALYZER_LOCALIZABILITY_NONLOCALIZED = YES;
				CLANG_CXX_LANGUAGE_STANDARD = "gnu++0x";
				CLANG_CXX_LIBRARY = "libc++";
				CLANG_ENABLE_MODULES = YES;
				CLANG_ENABLE_OBJC_ARC = YES;
				CLANG_WARN_BLOCK_CAPTURE_AUTORELEASING = YES;
				CLANG_WARN_BOOL_CONVERSION = YES;
				CLANG_WARN_COMMA = YES;
				CLANG_WARN_CONSTANT_CONVERSION = YES;
				CLANG_WARN_DEPRECATED_OBJC_IMPLEMENTATIONS = YES;
				CLANG_WARN_DIRECT_OBJC_ISA_USAGE = YES_ERROR;
				CLANG_WARN_EMPTY_BODY = YES;
				CLANG_WARN_ENUM_CONVERSION = YES;
				CLANG_WARN_INFINITE_RECURSION = YES;
				CLANG_WARN_INT_CONVERSION = YES;
				CLANG_WARN_NON_LITERAL_NULL_CONVERSION = YES;
				CLANG_WARN_OBJC_IMPLICIT_RETAIN_SELF = YES;
				CLANG_WARN_OBJC_LITERAL_CONVERSION = YES;
				CLANG_WARN_OBJC_ROOT_CLASS = YES_ERROR;
				CLANG_WARN_RANGE_LOOP_ANALYSIS = YES;
				CLANG_WARN_STRICT_PROTOTYPES = YES;
				CLANG_WARN_SUSPICIOUS_MOVE = YES;
				CLANG_WARN_UNREACHABLE_CODE = YES;
				CLANG_WARN__DUPLICATE_METHOD_MATCH = YES;
				"CODE_SIGN_IDENTITY[sdk=iphoneos*]" = "iPhone Developer";
				COPY_PHASE_STRIP = YES;
				ENABLE_NS_ASSERTIONS = NO;
				ENABLE_STRICT_OBJC_MSGSEND = YES;
				GCC_C_LANGUAGE_STANDARD = gnu99;
				GCC_NO_COMMON_BLOCKS = YES;
				GCC_WARN_64_TO_32_BIT_CONVERSION = YES;
				GCC_WARN_ABOUT_RETURN_TYPE = YES_ERROR;
				GCC_WARN_UNDECLARED_SELECTOR = YES;
				GCC_WARN_UNINITIALIZED_AUTOS = YES_AGGRESSIVE;
				GCC_WARN_UNUSED_FUNCTION = YES;
				GCC_WARN_UNUSED_VARIABLE = YES;
				IPHONEOS_DEPLOYMENT_TARGET = 9.0;
				LD_RUNPATH_SEARCH_PATHS = "/usr/lib/swift $(inherited)";
				LIBRARY_SEARCH_PATHS = (
					"\"$(TOOLCHAIN_DIR)/usr/lib/swift/$(PLATFORM_NAME)\"",
					"\"$(TOOLCHAIN_DIR)/usr/lib/swift-5.0/$(PLATFORM_NAME)\"",
					"\"$(inherited)\"",
				);
				MTL_ENABLE_DEBUG_INFO = NO;
				SDKROOT = iphoneos;
				VALIDATE_PRODUCT = YES;
			};
			name = Release;
		};
/* End XCBuildConfiguration section */

/* Begin XCConfigurationList section */
		00E357021AD99517003FC87E /* Build configuration list for PBXNativeTarget "rn_starter_kitTests" */ = {
			isa = XCConfigurationList;
			buildConfigurations = (
				00E356F61AD99517003FC87E /* Debug */,
				00E356F71AD99517003FC87E /* Release */,
			);
			defaultConfigurationIsVisible = 0;
			defaultConfigurationName = Release;
		};
		13B07F931A680F5B00A75B9A /* Build configuration list for PBXNativeTarget "rn_starter_kit" */ = {
			isa = XCConfigurationList;
			buildConfigurations = (
				13B07F941A680F5B00A75B9A /* Debug */,
				13B07F951A680F5B00A75B9A /* Release */,
			);
			defaultConfigurationIsVisible = 0;
			defaultConfigurationName = Release;
		};
		2D02E4BA1E0B4A5E006451C7 /* Build configuration list for PBXNativeTarget "rn_starter_kit-tvOS" */ = {
			isa = XCConfigurationList;
			buildConfigurations = (
				2D02E4971E0B4A5E006451C7 /* Debug */,
				2D02E4981E0B4A5E006451C7 /* Release */,
			);
			defaultConfigurationIsVisible = 0;
			defaultConfigurationName = Release;
		};
		2D02E4BB1E0B4A5E006451C7 /* Build configuration list for PBXNativeTarget "rn_starter_kit-tvOSTests" */ = {
			isa = XCConfigurationList;
			buildConfigurations = (
				2D02E4991E0B4A5E006451C7 /* Debug */,
				2D02E49A1E0B4A5E006451C7 /* Release */,
			);
			defaultConfigurationIsVisible = 0;
			defaultConfigurationName = Release;
		};
		83CBB9FA1A601CBA00E9B192 /* Build configuration list for PBXProject "rn_starter_kit" */ = {
			isa = XCConfigurationList;
			buildConfigurations = (
				83CBBA201A601CBA00E9B192 /* Debug */,
				83CBBA211A601CBA00E9B192 /* Release */,
			);
			defaultConfigurationIsVisible = 0;
			defaultConfigurationName = Release;
		};
/* End XCConfigurationList section */
	};
	rootObject = 83CBB9F71A601CBA00E9B192 /* Project object */;
}
